// !$*UTF8*$!
{
	archiveVersion = 1;
	classes = {
	};
	objectVersion = 46;
	objects = {

/* Begin PBXBuildFile section */
		024C874815DBA755003EF1F3 /* Cocoa.framework in Frameworks */ = {isa = PBXBuildFile; fileRef = 024C874715DBA755003EF1F3 /* Cocoa.framework */; };
		024C875215DBA755003EF1F3 /* InfoPlist.strings in Resources */ = {isa = PBXBuildFile; fileRef = 024C875015DBA755003EF1F3 /* InfoPlist.strings */; };
		024C875415DBA755003EF1F3 /* main.m in Sources */ = {isa = PBXBuildFile; fileRef = 024C875315DBA755003EF1F3 /* main.m */; };
		024C875815DBA755003EF1F3 /* Credits.rtf in Resources */ = {isa = PBXBuildFile; fileRef = 024C875615DBA755003EF1F3 /* Credits.rtf */; };
		024C875B15DBA755003EF1F3 /* AppDelegate.m in Sources */ = {isa = PBXBuildFile; fileRef = 024C875A15DBA755003EF1F3 /* AppDelegate.m */; };
		024C875E15DBA756003EF1F3 /* MainMenu.xib in Resources */ = {isa = PBXBuildFile; fileRef = 024C875C15DBA756003EF1F3 /* MainMenu.xib */; };
		024C878415DBA7A6003EF1F3 /* Thunder512.icns in Resources */ = {isa = PBXBuildFile; fileRef = 024C878315DBA7A6003EF1F3 /* Thunder512.icns */; };
		024C878615DBA800003EF1F3 /* XunleiAPI in Resources */ = {isa = PBXBuildFile; fileRef = 024C878515DBA800003EF1F3 /* XunleiAPI */; };
		0295F2AF15DBADE500529BA5 /* 1.png in Resources */ = {isa = PBXBuildFile; fileRef = 0295F2AD15DBADE500529BA5 /* 1.png */; };
		0295F2B015DBADE500529BA5 /* 1@2x.png in Resources */ = {isa = PBXBuildFile; fileRef = 0295F2AE15DBADE500529BA5 /* 1@2x.png */; };
		0295F2B315DBADED00529BA5 /* 3.png in Resources */ = {isa = PBXBuildFile; fileRef = 0295F2B115DBADED00529BA5 /* 3.png */; };
		0295F2B415DBADED00529BA5 /* 3@2x.png in Resources */ = {isa = PBXBuildFile; fileRef = 0295F2B215DBADED00529BA5 /* 3@2x.png */; };
		0295F2B715DBAE3900529BA5 /* 10.png in Resources */ = {isa = PBXBuildFile; fileRef = 0295F2B515DBAE3900529BA5 /* 10.png */; };
		0295F2B815DBAE3900529BA5 /* 10@2x.png in Resources */ = {isa = PBXBuildFile; fileRef = 0295F2B615DBAE3900529BA5 /* 10@2x.png */; };
		0295F2BD15DBAEBF00529BA5 /* MainView.m in Sources */ = {isa = PBXBuildFile; fileRef = 0295F2BB15DBAEBF00529BA5 /* MainView.m */; };
		0295F2BF15DBAED700529BA5 /* MainView.xib in Resources */ = {isa = PBXBuildFile; fileRef = 0295F2C115DBAED700529BA5 /* MainView.xib */; };
/* End PBXBuildFile section */

/* Begin PBXFileReference section */
		024C874315DBA755003EF1F3 /* fakeThunder.app */ = {isa = PBXFileReference; explicitFileType = wrapper.application; includeInIndex = 0; path = fakeThunder.app; sourceTree = BUILT_PRODUCTS_DIR; };
		024C874715DBA755003EF1F3 /* Cocoa.framework */ = {isa = PBXFileReference; lastKnownFileType = wrapper.framework; name = Cocoa.framework; path = System/Library/Frameworks/Cocoa.framework; sourceTree = SDKROOT; };
		024C874A15DBA755003EF1F3 /* AppKit.framework */ = {isa = PBXFileReference; lastKnownFileType = wrapper.framework; name = AppKit.framework; path = System/Library/Frameworks/AppKit.framework; sourceTree = SDKROOT; };
		024C874B15DBA755003EF1F3 /* CoreData.framework */ = {isa = PBXFileReference; lastKnownFileType = wrapper.framework; name = CoreData.framework; path = System/Library/Frameworks/CoreData.framework; sourceTree = SDKROOT; };
		024C874C15DBA755003EF1F3 /* Foundation.framework */ = {isa = PBXFileReference; lastKnownFileType = wrapper.framework; name = Foundation.framework; path = System/Library/Frameworks/Foundation.framework; sourceTree = SDKROOT; };
		024C874F15DBA755003EF1F3 /* fakeThunder-Info.plist */ = {isa = PBXFileReference; lastKnownFileType = text.plist.xml; path = "fakeThunder-Info.plist"; sourceTree = "<group>"; };
		024C875115DBA755003EF1F3 /* en */ = {isa = PBXFileReference; lastKnownFileType = text.plist.strings; name = en; path = en.lproj/InfoPlist.strings; sourceTree = "<group>"; };
		024C875315DBA755003EF1F3 /* main.m */ = {isa = PBXFileReference; lastKnownFileType = sourcecode.c.objc; path = main.m; sourceTree = "<group>"; };
		024C875515DBA755003EF1F3 /* fakeThunder-Prefix.pch */ = {isa = PBXFileReference; lastKnownFileType = sourcecode.c.h; path = "fakeThunder-Prefix.pch"; sourceTree = "<group>"; };
		024C875715DBA755003EF1F3 /* en */ = {isa = PBXFileReference; lastKnownFileType = text.rtf; name = en; path = en.lproj/Credits.rtf; sourceTree = "<group>"; };
		024C875915DBA755003EF1F3 /* AppDelegate.h */ = {isa = PBXFileReference; lastKnownFileType = sourcecode.c.h; path = AppDelegate.h; sourceTree = "<group>"; };
		024C875A15DBA755003EF1F3 /* AppDelegate.m */ = {isa = PBXFileReference; lastKnownFileType = sourcecode.c.objc; path = AppDelegate.m; sourceTree = "<group>"; };
		024C875D15DBA756003EF1F3 /* en */ = {isa = PBXFileReference; lastKnownFileType = file.xib; name = en; path = en.lproj/MainMenu.xib; sourceTree = "<group>"; };
		024C876515DBA756003EF1F3 /* SenTestingKit.framework */ = {isa = PBXFileReference; lastKnownFileType = wrapper.framework; name = SenTestingKit.framework; path = Library/Frameworks/SenTestingKit.framework; sourceTree = DEVELOPER_DIR; };
		024C878315DBA7A6003EF1F3 /* Thunder512.icns */ = {isa = PBXFileReference; lastKnownFileType = image.icns; name = Thunder512.icns; path = ../Thunder512.icns; sourceTree = "<group>"; };
		024C878515DBA800003EF1F3 /* XunleiAPI */ = {isa = PBXFileReference; lastKnownFileType = folder; path = XunleiAPI; sourceTree = "<group>"; };
		0295F2AD15DBADE500529BA5 /* 1.png */ = {isa = PBXFileReference; lastKnownFileType = image.png; path = 1.png; sourceTree = "<group>"; };
		0295F2AE15DBADE500529BA5 /* 1@2x.png */ = {isa = PBXFileReference; lastKnownFileType = image.png; path = "1@2x.png"; sourceTree = "<group>"; };
		0295F2B115DBADED00529BA5 /* 3.png */ = {isa = PBXFileReference; lastKnownFileType = image.png; path = 3.png; sourceTree = "<group>"; };
		0295F2B215DBADED00529BA5 /* 3@2x.png */ = {isa = PBXFileReference; lastKnownFileType = image.png; path = "3@2x.png"; sourceTree = "<group>"; };
		0295F2B515DBAE3900529BA5 /* 10.png */ = {isa = PBXFileReference; lastKnownFileType = image.png; path = 10.png; sourceTree = "<group>"; };
		0295F2B615DBAE3900529BA5 /* 10@2x.png */ = {isa = PBXFileReference; lastKnownFileType = image.png; path = "10@2x.png"; sourceTree = "<group>"; };
		0295F2BA15DBAEBF00529BA5 /* MainView.h */ = {isa = PBXFileReference; fileEncoding = 4; lastKnownFileType = sourcecode.c.h; path = MainView.h; sourceTree = "<group>"; };
		0295F2BB15DBAEBF00529BA5 /* MainView.m */ = {isa = PBXFileReference; fileEncoding = 4; lastKnownFileType = sourcecode.c.objc; path = MainView.m; sourceTree = "<group>"; };
		0295F2C015DBAED700529BA5 /* en */ = {isa = PBXFileReference; lastKnownFileType = file.xib; name = en; path = en.lproj/MainView.xib; sourceTree = "<group>"; };
/* End PBXFileReference section */

/* Begin PBXFrameworksBuildPhase section */
		024C874015DBA755003EF1F3 /* Frameworks */ = {
			isa = PBXFrameworksBuildPhase;
			buildActionMask = 2147483647;
			files = (
				024C874815DBA755003EF1F3 /* Cocoa.framework in Frameworks */,
			);
			runOnlyForDeploymentPostprocessing = 0;
		};
/* End PBXFrameworksBuildPhase section */

/* Begin PBXGroup section */
		024C873815DBA755003EF1F3 = {
			isa = PBXGroup;
			children = (
				024C874D15DBA755003EF1F3 /* fakeThunder */,
				024C874615DBA755003EF1F3 /* Frameworks */,
				024C874415DBA755003EF1F3 /* Products */,
			);
			sourceTree = "<group>";
		};
		024C874415DBA755003EF1F3 /* Products */ = {
			isa = PBXGroup;
			children = (
				024C874315DBA755003EF1F3 /* fakeThunder.app */,
			);
			name = Products;
			sourceTree = "<group>";
		};
		024C874615DBA755003EF1F3 /* Frameworks */ = {
			isa = PBXGroup;
			children = (
				024C874715DBA755003EF1F3 /* Cocoa.framework */,
				024C876515DBA756003EF1F3 /* SenTestingKit.framework */,
				024C874915DBA755003EF1F3 /* Other Frameworks */,
			);
			name = Frameworks;
			sourceTree = "<group>";
		};
		024C874915DBA755003EF1F3 /* Other Frameworks */ = {
			isa = PBXGroup;
			children = (
				024C874A15DBA755003EF1F3 /* AppKit.framework */,
				024C874B15DBA755003EF1F3 /* CoreData.framework */,
				024C874C15DBA755003EF1F3 /* Foundation.framework */,
			);
			name = "Other Frameworks";
			sourceTree = "<group>";
		};
		024C874D15DBA755003EF1F3 /* fakeThunder */ = {
			isa = PBXGroup;
			children = (
				0295F2B915DBAEA000529BA5 /* View */,
				024C878515DBA800003EF1F3 /* XunleiAPI */,
				024C875915DBA755003EF1F3 /* AppDelegate.h */,
				024C875A15DBA755003EF1F3 /* AppDelegate.m */,
				024C875C15DBA756003EF1F3 /* MainMenu.xib */,
				024C874E15DBA755003EF1F3 /* Supporting Files */,
				024C877F15DBA787003EF1F3 /* Resources */,
			);
			path = fakeThunder;
			sourceTree = "<group>";
		};
		024C874E15DBA755003EF1F3 /* Supporting Files */ = {
			isa = PBXGroup;
			children = (
				024C874F15DBA755003EF1F3 /* fakeThunder-Info.plist */,
				024C875015DBA755003EF1F3 /* InfoPlist.strings */,
				024C875315DBA755003EF1F3 /* main.m */,
				024C875515DBA755003EF1F3 /* fakeThunder-Prefix.pch */,
				024C875615DBA755003EF1F3 /* Credits.rtf */,
			);
			name = "Supporting Files";
			sourceTree = "<group>";
		};
		024C877F15DBA787003EF1F3 /* Resources */ = {
			isa = PBXGroup;
			children = (
				0295F2AB15DBADB400529BA5 /* SmallIcon */,
				024C878315DBA7A6003EF1F3 /* Thunder512.icns */,
			);
			name = Resources;
			sourceTree = "<group>";
		};
		0295F2AB15DBADB400529BA5 /* SmallIcon */ = {
			isa = PBXGroup;
			children = (
				0295F2AD15DBADE500529BA5 /* 1.png */,
				0295F2AE15DBADE500529BA5 /* 1@2x.png */,
				0295F2B115DBADED00529BA5 /* 3.png */,
				0295F2B215DBADED00529BA5 /* 3@2x.png */,
				0295F2B515DBAE3900529BA5 /* 10.png */,
				0295F2B615DBAE3900529BA5 /* 10@2x.png */,
			);
			name = SmallIcon;
			sourceTree = "<group>";
		};
		0295F2B915DBAEA000529BA5 /* View */ = {
			isa = PBXGroup;
			children = (
				0295F2BA15DBAEBF00529BA5 /* MainView.h */,
				0295F2BB15DBAEBF00529BA5 /* MainView.m */,
				0295F2C115DBAED700529BA5 /* MainView.xib */,
			);
			name = View;
			sourceTree = "<group>";
		};
/* End PBXGroup section */

/* Begin PBXNativeTarget section */
		024C874215DBA755003EF1F3 /* fakeThunder */ = {
			isa = PBXNativeTarget;
			buildConfigurationList = 024C877515DBA756003EF1F3 /* Build configuration list for PBXNativeTarget "fakeThunder" */;
			buildPhases = (
				024C873F15DBA755003EF1F3 /* Sources */,
				024C874015DBA755003EF1F3 /* Frameworks */,
				024C874115DBA755003EF1F3 /* Resources */,
			);
			buildRules = (
			);
			dependencies = (
			);
			name = fakeThunder;
			productName = fakeThunder;
			productReference = 024C874315DBA755003EF1F3 /* fakeThunder.app */;
			productType = "com.apple.product-type.application";
		};
/* End PBXNativeTarget section */

/* Begin PBXProject section */
		024C873A15DBA755003EF1F3 /* Project object */ = {
			isa = PBXProject;
			attributes = {
				LastUpgradeCheck = 0440;
				ORGANIZATIONNAME = MartianZ;
			};
			buildConfigurationList = 024C873D15DBA755003EF1F3 /* Build configuration list for PBXProject "fakeThunder" */;
			compatibilityVersion = "Xcode 3.2";
			developmentRegion = English;
			hasScannedForEncodings = 0;
			knownRegions = (
				en,
			);
			mainGroup = 024C873815DBA755003EF1F3;
			productRefGroup = 024C874415DBA755003EF1F3 /* Products */;
			projectDirPath = "";
			projectRoot = "";
			targets = (
				024C874215DBA755003EF1F3 /* fakeThunder */,
			);
		};
/* End PBXProject section */

/* Begin PBXResourcesBuildPhase section */
		024C874115DBA755003EF1F3 /* Resources */ = {
			isa = PBXResourcesBuildPhase;
			buildActionMask = 2147483647;
			files = (
				024C875215DBA755003EF1F3 /* InfoPlist.strings in Resources */,
				024C875815DBA755003EF1F3 /* Credits.rtf in Resources */,
				024C875E15DBA756003EF1F3 /* MainMenu.xib in Resources */,
				024C878415DBA7A6003EF1F3 /* Thunder512.icns in Resources */,
				024C878615DBA800003EF1F3 /* XunleiAPI in Resources */,
				0295F2AF15DBADE500529BA5 /* 1.png in Resources */,
				0295F2B015DBADE500529BA5 /* 1@2x.png in Resources */,
				0295F2B315DBADED00529BA5 /* 3.png in Resources */,
				0295F2B415DBADED00529BA5 /* 3@2x.png in Resources */,
				0295F2B715DBAE3900529BA5 /* 10.png in Resources */,
				0295F2B815DBAE3900529BA5 /* 10@2x.png in Resources */,
				0295F2BF15DBAED700529BA5 /* MainView.xib in Resources */,
			);
			runOnlyForDeploymentPostprocessing = 0;
		};
/* End PBXResourcesBuildPhase section */

/* Begin PBXSourcesBuildPhase section */
		024C873F15DBA755003EF1F3 /* Sources */ = {
			isa = PBXSourcesBuildPhase;
			buildActionMask = 2147483647;
			files = (
				024C875415DBA755003EF1F3 /* main.m in Sources */,
				024C875B15DBA755003EF1F3 /* AppDelegate.m in Sources */,
				0295F2BD15DBAEBF00529BA5 /* MainView.m in Sources */,
			);
			runOnlyForDeploymentPostprocessing = 0;
		};
/* End PBXSourcesBuildPhase section */

/* Begin PBXVariantGroup section */
		024C875015DBA755003EF1F3 /* InfoPlist.strings */ = {
			isa = PBXVariantGroup;
			children = (
				024C875115DBA755003EF1F3 /* en */,
			);
			name = InfoPlist.strings;
			sourceTree = "<group>";
		};
		024C875615DBA755003EF1F3 /* Credits.rtf */ = {
			isa = PBXVariantGroup;
			children = (
				024C875715DBA755003EF1F3 /* en */,
			);
			name = Credits.rtf;
			sourceTree = "<group>";
		};
		024C875C15DBA756003EF1F3 /* MainMenu.xib */ = {
			isa = PBXVariantGroup;
			children = (
				024C875D15DBA756003EF1F3 /* en */,
			);
			name = MainMenu.xib;
			sourceTree = "<group>";
		};
		0295F2C115DBAED700529BA5 /* MainView.xib */ = {
			isa = PBXVariantGroup;
			children = (
				0295F2C015DBAED700529BA5 /* en */,
			);
			name = MainView.xib;
			sourceTree = "<group>";
		};
/* End PBXVariantGroup section */

/* Begin XCBuildConfiguration section */
		024C877315DBA756003EF1F3 /* Debug */ = {
			isa = XCBuildConfiguration;
			buildSettings = {
				ALWAYS_SEARCH_USER_PATHS = NO;
				ARCHS = "$(ARCHS_STANDARD_64_BIT)";
				CLANG_CXX_LANGUAGE_STANDARD = "gnu++0x";
				CLANG_ENABLE_OBJC_ARC = YES;
				CLANG_WARN__DUPLICATE_METHOD_MATCH = YES;
				COPY_PHASE_STRIP = NO;
				GCC_C_LANGUAGE_STANDARD = gnu99;
				GCC_DYNAMIC_NO_PIC = NO;
				GCC_ENABLE_OBJC_EXCEPTIONS = YES;
				GCC_OPTIMIZATION_LEVEL = 0;
				GCC_PREPROCESSOR_DEFINITIONS = (
					"DEBUG=1",
					"$(inherited)",
				);
				GCC_SYMBOLS_PRIVATE_EXTERN = NO;
				GCC_WARN_64_TO_32_BIT_CONVERSION = YES;
				GCC_WARN_ABOUT_RETURN_TYPE = YES;
				GCC_WARN_UNINITIALIZED_AUTOS = YES;
				GCC_WARN_UNUSED_VARIABLE = YES;
				MACOSX_DEPLOYMENT_TARGET = 10.8;
				ONLY_ACTIVE_ARCH = YES;
				SDKROOT = macosx;
			};
			name = Debug;
		};
		024C877415DBA756003EF1F3 /* Release */ = {
			isa = XCBuildConfiguration;
			buildSettings = {
				ALWAYS_SEARCH_USER_PATHS = NO;
				ARCHS = "$(ARCHS_STANDARD_64_BIT)";
				CLANG_CXX_LANGUAGE_STANDARD = "gnu++0x";
				CLANG_ENABLE_OBJC_ARC = YES;
				CLANG_WARN__DUPLICATE_METHOD_MATCH = YES;
				COPY_PHASE_STRIP = YES;
				DEBUG_INFORMATION_FORMAT = "dwarf-with-dsym";
				GCC_C_LANGUAGE_STANDARD = gnu99;
				GCC_ENABLE_OBJC_EXCEPTIONS = YES;
				GCC_WARN_64_TO_32_BIT_CONVERSION = YES;
				GCC_WARN_ABOUT_RETURN_TYPE = YES;
				GCC_WARN_UNINITIALIZED_AUTOS = YES;
				GCC_WARN_UNUSED_VARIABLE = YES;
				MACOSX_DEPLOYMENT_TARGET = 10.8;
				SDKROOT = macosx;
			};
			name = Release;
		};
		024C877615DBA756003EF1F3 /* Debug */ = {
			isa = XCBuildConfiguration;
			buildSettings = {
				COMBINE_HIDPI_IMAGES = YES;
				GCC_PRECOMPILE_PREFIX_HEADER = YES;
				GCC_PREFIX_HEADER = "fakeThunder/fakeThunder-Prefix.pch";
				INFOPLIST_FILE = "fakeThunder/fakeThunder-Info.plist";
				PRODUCT_NAME = "$(TARGET_NAME)";
				WRAPPER_EXTENSION = app;
			};
			name = Debug;
		};
		024C877715DBA756003EF1F3 /* Release */ = {
			isa = XCBuildConfiguration;
			buildSettings = {
				COMBINE_HIDPI_IMAGES = YES;
				GCC_PRECOMPILE_PREFIX_HEADER = YES;
				GCC_PREFIX_HEADER = "fakeThunder/fakeThunder-Prefix.pch";
				INFOPLIST_FILE = "fakeThunder/fakeThunder-Info.plist";
				PRODUCT_NAME = "$(TARGET_NAME)";
				WRAPPER_EXTENSION = app;
			};
			name = Release;
		};
/* End XCBuildConfiguration section */

/* Begin XCConfigurationList section */
		024C873D15DBA755003EF1F3 /* Build configuration list for PBXProject "fakeThunder" */ = {
			isa = XCConfigurationList;
			buildConfigurations = (
				024C877315DBA756003EF1F3 /* Debug */,
				024C877415DBA756003EF1F3 /* Release */,
			);
			defaultConfigurationIsVisible = 0;
			defaultConfigurationName = Release;
		};
		024C877515DBA756003EF1F3 /* Build configuration list for PBXNativeTarget "fakeThunder" */ = {
			isa = XCConfigurationList;
			buildConfigurations = (
				024C877615DBA756003EF1F3 /* Debug */,
				024C877715DBA756003EF1F3 /* Release */,
			);
			defaultConfigurationIsVisible = 0;
			defaultConfigurationName = Release;
		};
/* End XCConfigurationList section */
	};
	rootObject = 024C873A15DBA755003EF1F3 /* Project object */;
}
