// !$*UTF8*$!
{
	archiveVersion = 1;
	classes = {
	};
	objectVersion = 46;
	objects = {

/* Begin PBXBuildFile section */
		020E4A2515A7105E001A6231 /* Cocoa.framework in Frameworks */ = {isa = PBXBuildFile; fileRef = 020E4A2415A7105E001A6231 /* Cocoa.framework */; };
		020E4A2F15A7105E001A6231 /* InfoPlist.strings in Resources */ = {isa = PBXBuildFile; fileRef = 020E4A2D15A7105E001A6231 /* InfoPlist.strings */; };
		020E4A3115A7105E001A6231 /* main.m in Sources */ = {isa = PBXBuildFile; fileRef = 020E4A3015A7105E001A6231 /* main.m */; };
		020E4A3515A7105E001A6231 /* Credits.rtf in Resources */ = {isa = PBXBuildFile; fileRef = 020E4A3315A7105E001A6231 /* Credits.rtf */; };
		020E4A3B15A7105E001A6231 /* MainMenu.xib in Resources */ = {isa = PBXBuildFile; fileRef = 020E4A3915A7105E001A6231 /* MainMenu.xib */; };
		020FBA3415BE38C2002BF43E /* Sparkle.framework in Frameworks */ = {isa = PBXBuildFile; fileRef = 020FBA3315BE38C2002BF43E /* Sparkle.framework */; };
		020FBA3615BE38EB002BF43E /* Sparkle.framework in CopyFiles */ = {isa = PBXBuildFile; fileRef = 020FBA3315BE38C2002BF43E /* Sparkle.framework */; };
		020FBA3815BE399C002BF43E /* dynamiclyrics2_dsa_pub_new.pem in Resources */ = {isa = PBXBuildFile; fileRef = 020FBA3715BE399C002BF43E /* dynamiclyrics2_dsa_pub_new.pem */; };
		020FBD4F15BED226002BF43E /* XunleiAPI in Resources */ = {isa = PBXBuildFile; fileRef = 020FBD4E15BED226002BF43E /* XunleiAPI */; };
		020FBD5115BED23F002BF43E /* XunleiAPI in CopyFiles */ = {isa = PBXBuildFile; fileRef = 020FBD4E15BED226002BF43E /* XunleiAPI */; };
		020FBD6815BF1B88002BF43E /* aria2c in Resources */ = {isa = PBXBuildFile; fileRef = 020FBD6715BF1B88002BF43E /* aria2c */; };
		02134ECC15C57450000D5479 /* 1.png in Resources */ = {isa = PBXBuildFile; fileRef = 02134EBA15C57450000D5479 /* 1.png */; };
		02134ECD15C57450000D5479 /* 1@2x.png in Resources */ = {isa = PBXBuildFile; fileRef = 02134EBB15C57450000D5479 /* 1@2x.png */; };
		02134ECE15C57450000D5479 /* 2.png in Resources */ = {isa = PBXBuildFile; fileRef = 02134EBC15C57450000D5479 /* 2.png */; };
		02134ECF15C57450000D5479 /* 2@2x.png in Resources */ = {isa = PBXBuildFile; fileRef = 02134EBD15C57450000D5479 /* 2@2x.png */; };
		02134ED015C57450000D5479 /* 3.png in Resources */ = {isa = PBXBuildFile; fileRef = 02134EBE15C57450000D5479 /* 3.png */; };
		02134ED115C57450000D5479 /* 3@2x.png in Resources */ = {isa = PBXBuildFile; fileRef = 02134EBF15C57450000D5479 /* 3@2x.png */; };
		02134ED215C57450000D5479 /* 4.png in Resources */ = {isa = PBXBuildFile; fileRef = 02134EC015C57450000D5479 /* 4.png */; };
		02134ED315C57450000D5479 /* 4@2x.png in Resources */ = {isa = PBXBuildFile; fileRef = 02134EC115C57450000D5479 /* 4@2x.png */; };
		02134ED415C57450000D5479 /* 5.png in Resources */ = {isa = PBXBuildFile; fileRef = 02134EC215C57450000D5479 /* 5.png */; };
		02134ED515C57450000D5479 /* 5@2x.png in Resources */ = {isa = PBXBuildFile; fileRef = 02134EC315C57450000D5479 /* 5@2x.png */; };
		02134ED615C57450000D5479 /* 6.png in Resources */ = {isa = PBXBuildFile; fileRef = 02134EC415C57450000D5479 /* 6.png */; };
		02134ED715C57450000D5479 /* 6@2x.png in Resources */ = {isa = PBXBuildFile; fileRef = 02134EC515C57450000D5479 /* 6@2x.png */; };
		02134ED815C57450000D5479 /* 7.png in Resources */ = {isa = PBXBuildFile; fileRef = 02134EC615C57450000D5479 /* 7.png */; };
		02134ED915C57450000D5479 /* 7@2x.png in Resources */ = {isa = PBXBuildFile; fileRef = 02134EC715C57450000D5479 /* 7@2x.png */; };
		02134EDA15C57450000D5479 /* 8.png in Resources */ = {isa = PBXBuildFile; fileRef = 02134EC815C57450000D5479 /* 8.png */; };
		02134EDB15C57450000D5479 /* 8@2x.png in Resources */ = {isa = PBXBuildFile; fileRef = 02134EC915C57450000D5479 /* 8@2x.png */; };
		02134EDC15C57450000D5479 /* 9.png in Resources */ = {isa = PBXBuildFile; fileRef = 02134ECA15C57450000D5479 /* 9.png */; };
		02134EDD15C57450000D5479 /* 9@2x.png in Resources */ = {isa = PBXBuildFile; fileRef = 02134ECB15C57450000D5479 /* 9@2x.png */; };
		02134EDF15C59A28000D5479 /* 10.png in Resources */ = {isa = PBXBuildFile; fileRef = 02134EDE15C59A28000D5479 /* 10.png */; };
		02134EE115C59A3F000D5479 /* 10@2x.png in Resources */ = {isa = PBXBuildFile; fileRef = 02134EE015C59A3F000D5479 /* 10@2x.png */; };
		0224498E15A73011002499B4 /* RequestSender.m in Sources */ = {isa = PBXBuildFile; fileRef = 0224498D15A72E6C002499B4 /* RequestSender.m */; };
		024616DD15BC07E5009542B5 /* AppPrefsWindowsController.m in Sources */ = {isa = PBXBuildFile; fileRef = 024616DC15BC07E5009542B5 /* AppPrefsWindowsController.m */; };
		024616E215BC0948009542B5 /* Preferences.xib in Resources */ = {isa = PBXBuildFile; fileRef = 024616E115BC0948009542B5 /* Preferences.xib */; };
		024789D115BD25E1003E7E73 /* TasksView.m in Sources */ = {isa = PBXBuildFile; fileRef = 024789CF15BD25E1003E7E73 /* TasksView.m */; };
		024789D215BD25E1003E7E73 /* TasksView.xib in Resources */ = {isa = PBXBuildFile; fileRef = 024789D015BD25E1003E7E73 /* TasksView.xib */; };
		026001BF15AC5D0F001742EE /* AppDelegate.m in Sources */ = {isa = PBXBuildFile; fileRef = 026001BD15AC5D0F001742EE /* AppDelegate.m */; };
		026001C015AC5D0F001742EE /* TaskModel.m in Sources */ = {isa = PBXBuildFile; fileRef = 026001BE15AC5D0F001742EE /* TaskModel.m */; };
		026979DF15AD50E600633881 /* DownloadOperation.m in Sources */ = {isa = PBXBuildFile; fileRef = 026979DE15AD50E600633881 /* DownloadOperation.m */; };
		0278831F15A96F7400D4C3A5 /* login.png in Resources */ = {isa = PBXBuildFile; fileRef = 0278831E15A96F7400D4C3A5 /* login.png */; };
		0278832915A9CD0800D4C3A5 /* Security.framework in Frameworks */ = {isa = PBXBuildFile; fileRef = 0278832815A9CD0800D4C3A5 /* Security.framework */; };
		0278832C15A9DBBC00D4C3A5 /* Thunder512.icns in Resources */ = {isa = PBXBuildFile; fileRef = 0278832B15A9DBBC00D4C3A5 /* Thunder512.icns */; };
		029270B615BD1AB300CCAAC3 /* MainView.m in Sources */ = {isa = PBXBuildFile; fileRef = 029270B415BD1AB300CCAAC3 /* MainView.m */; };
		029270B715BD1AB300CCAAC3 /* MainView.xib in Resources */ = {isa = PBXBuildFile; fileRef = 029270B515BD1AB300CCAAC3 /* MainView.xib */; };
		02CDEC9B15BC0E3F0069C955 /* 常规.png in Resources */ = {isa = PBXBuildFile; fileRef = 02CDEC9A15BC0E3F0069C955 /* 常规.png */; };
		02CDEC9F15BC10580069C955 /* 高级.png in Resources */ = {isa = PBXBuildFile; fileRef = 02CDEC9E15BC10580069C955 /* 高级.png */; };
		02D4C9E715BC054800E4F9E9 /* DBPrefsWindowController.m in Sources */ = {isa = PBXBuildFile; fileRef = 02D4C9E615BC053100E4F9E9 /* DBPrefsWindowController.m */; };
		02D8EDE115AB4E9400995DB4 /* nav-bt.png in Resources */ = {isa = PBXBuildFile; fileRef = 02D8EDE015AB4E9400995DB4 /* nav-bt.png */; };
/* End PBXBuildFile section */

/* Begin PBXCopyFilesBuildPhase section */
		020FBA3515BE38D1002BF43E /* CopyFiles */ = {
			isa = PBXCopyFilesBuildPhase;
			buildActionMask = 2147483647;
			dstPath = "";
			dstSubfolderSpec = 10;
			files = (
				020FBA3615BE38EB002BF43E /* Sparkle.framework in CopyFiles */,
			);
			runOnlyForDeploymentPostprocessing = 0;
		};
		020FBD5015BED23C002BF43E /* CopyFiles */ = {
			isa = PBXCopyFilesBuildPhase;
			buildActionMask = 2147483647;
			dstPath = "";
			dstSubfolderSpec = 7;
			files = (
				020FBD5115BED23F002BF43E /* XunleiAPI in CopyFiles */,
			);
			runOnlyForDeploymentPostprocessing = 0;
		};
/* End PBXCopyFilesBuildPhase section */

/* Begin PBXFileReference section */
		020E4A2015A7105E001A6231 /* fakeThunder.app */ = {isa = PBXFileReference; explicitFileType = wrapper.application; includeInIndex = 0; path = fakeThunder.app; sourceTree = BUILT_PRODUCTS_DIR; };
		020E4A2415A7105E001A6231 /* Cocoa.framework */ = {isa = PBXFileReference; lastKnownFileType = wrapper.framework; name = Cocoa.framework; path = System/Library/Frameworks/Cocoa.framework; sourceTree = SDKROOT; };
		020E4A2715A7105E001A6231 /* AppKit.framework */ = {isa = PBXFileReference; lastKnownFileType = wrapper.framework; name = AppKit.framework; path = System/Library/Frameworks/AppKit.framework; sourceTree = SDKROOT; };
		020E4A2815A7105E001A6231 /* CoreData.framework */ = {isa = PBXFileReference; lastKnownFileType = wrapper.framework; name = CoreData.framework; path = System/Library/Frameworks/CoreData.framework; sourceTree = SDKROOT; };
		020E4A2915A7105E001A6231 /* Foundation.framework */ = {isa = PBXFileReference; lastKnownFileType = wrapper.framework; name = Foundation.framework; path = System/Library/Frameworks/Foundation.framework; sourceTree = SDKROOT; };
		020E4A2C15A7105E001A6231 /* fakeThunder-Info.plist */ = {isa = PBXFileReference; lastKnownFileType = text.plist.xml; path = "fakeThunder-Info.plist"; sourceTree = "<group>"; };
		020E4A2E15A7105E001A6231 /* en */ = {isa = PBXFileReference; lastKnownFileType = text.plist.strings; name = en; path = en.lproj/InfoPlist.strings; sourceTree = "<group>"; };
		020E4A3015A7105E001A6231 /* main.m */ = {isa = PBXFileReference; lastKnownFileType = sourcecode.c.objc; path = main.m; sourceTree = "<group>"; };
		020E4A3215A7105E001A6231 /* fakeThunder-Prefix.pch */ = {isa = PBXFileReference; lastKnownFileType = sourcecode.c.h; path = "fakeThunder-Prefix.pch"; sourceTree = "<group>"; };
		020E4A3415A7105E001A6231 /* en */ = {isa = PBXFileReference; lastKnownFileType = text.rtf; name = en; path = en.lproj/Credits.rtf; sourceTree = "<group>"; };
		020E4A3615A7105E001A6231 /* AppDelegate.h */ = {isa = PBXFileReference; lastKnownFileType = sourcecode.c.h; path = AppDelegate.h; sourceTree = "<group>"; };
		020E4A3A15A7105E001A6231 /* en */ = {isa = PBXFileReference; lastKnownFileType = file.xib; name = en; path = en.lproj/MainMenu.xib; sourceTree = "<group>"; };
		020E4A4215A7105E001A6231 /* SenTestingKit.framework */ = {isa = PBXFileReference; lastKnownFileType = wrapper.framework; name = SenTestingKit.framework; path = Library/Frameworks/SenTestingKit.framework; sourceTree = DEVELOPER_DIR; };
		020FBA3315BE38C2002BF43E /* Sparkle.framework */ = {isa = PBXFileReference; lastKnownFileType = wrapper.framework; path = Sparkle.framework; sourceTree = "<group>"; };
		020FBA3715BE399C002BF43E /* dynamiclyrics2_dsa_pub_new.pem */ = {isa = PBXFileReference; fileEncoding = 4; lastKnownFileType = text; path = dynamiclyrics2_dsa_pub_new.pem; sourceTree = "<group>"; };
		020FBD4E15BED226002BF43E /* XunleiAPI */ = {isa = PBXFileReference; lastKnownFileType = folder; path = XunleiAPI; sourceTree = "<group>"; };
		020FBD6715BF1B88002BF43E /* aria2c */ = {isa = PBXFileReference; lastKnownFileType = "compiled.mach-o.executable"; path = aria2c; sourceTree = "<group>"; };
		02134EBA15C57450000D5479 /* 1.png */ = {isa = PBXFileReference; lastKnownFileType = image.png; path = 1.png; sourceTree = "<group>"; };
		02134EBB15C57450000D5479 /* 1@2x.png */ = {isa = PBXFileReference; lastKnownFileType = image.png; path = "1@2x.png"; sourceTree = "<group>"; };
		02134EBC15C57450000D5479 /* 2.png */ = {isa = PBXFileReference; lastKnownFileType = image.png; path = 2.png; sourceTree = "<group>"; };
		02134EBD15C57450000D5479 /* 2@2x.png */ = {isa = PBXFileReference; lastKnownFileType = image.png; path = "2@2x.png"; sourceTree = "<group>"; };
		02134EBE15C57450000D5479 /* 3.png */ = {isa = PBXFileReference; lastKnownFileType = image.png; path = 3.png; sourceTree = "<group>"; };
		02134EBF15C57450000D5479 /* 3@2x.png */ = {isa = PBXFileReference; lastKnownFileType = image.png; path = "3@2x.png"; sourceTree = "<group>"; };
		02134EC015C57450000D5479 /* 4.png */ = {isa = PBXFileReference; lastKnownFileType = image.png; path = 4.png; sourceTree = "<group>"; };
		02134EC115C57450000D5479 /* 4@2x.png */ = {isa = PBXFileReference; lastKnownFileType = image.png; path = "4@2x.png"; sourceTree = "<group>"; };
		02134EC215C57450000D5479 /* 5.png */ = {isa = PBXFileReference; lastKnownFileType = image.png; path = 5.png; sourceTree = "<group>"; };
		02134EC315C57450000D5479 /* 5@2x.png */ = {isa = PBXFileReference; lastKnownFileType = image.png; path = "5@2x.png"; sourceTree = "<group>"; };
		02134EC415C57450000D5479 /* 6.png */ = {isa = PBXFileReference; lastKnownFileType = image.png; path = 6.png; sourceTree = "<group>"; };
		02134EC515C57450000D5479 /* 6@2x.png */ = {isa = PBXFileReference; lastKnownFileType = image.png; path = "6@2x.png"; sourceTree = "<group>"; };
		02134EC615C57450000D5479 /* 7.png */ = {isa = PBXFileReference; lastKnownFileType = image.png; path = 7.png; sourceTree = "<group>"; };
		02134EC715C57450000D5479 /* 7@2x.png */ = {isa = PBXFileReference; lastKnownFileType = image.png; path = "7@2x.png"; sourceTree = "<group>"; };
		02134EC815C57450000D5479 /* 8.png */ = {isa = PBXFileReference; lastKnownFileType = image.png; path = 8.png; sourceTree = "<group>"; };
		02134EC915C57450000D5479 /* 8@2x.png */ = {isa = PBXFileReference; lastKnownFileType = image.png; path = "8@2x.png"; sourceTree = "<group>"; };
		02134ECA15C57450000D5479 /* 9.png */ = {isa = PBXFileReference; lastKnownFileType = image.png; path = 9.png; sourceTree = "<group>"; };
		02134ECB15C57450000D5479 /* 9@2x.png */ = {isa = PBXFileReference; lastKnownFileType = image.png; path = "9@2x.png"; sourceTree = "<group>"; };
		02134EDE15C59A28000D5479 /* 10.png */ = {isa = PBXFileReference; lastKnownFileType = image.png; path = 10.png; sourceTree = "<group>"; };
		02134EE015C59A3F000D5479 /* 10@2x.png */ = {isa = PBXFileReference; lastKnownFileType = image.png; path = "10@2x.png"; sourceTree = "<group>"; };
		0224496E15A71DA1002499B4 /* TaskModel.h */ = {isa = PBXFileReference; fileEncoding = 4; lastKnownFileType = sourcecode.c.h; path = TaskModel.h; sourceTree = "<group>"; };
		0224498C15A72E6C002499B4 /* RequestSender.h */ = {isa = PBXFileReference; lastKnownFileType = sourcecode.c.h; path = RequestSender.h; sourceTree = "<group>"; };
		0224498D15A72E6C002499B4 /* RequestSender.m */ = {isa = PBXFileReference; lastKnownFileType = sourcecode.c.objc; path = RequestSender.m; sourceTree = "<group>"; };
		024616DB15BC07E5009542B5 /* AppPrefsWindowsController.h */ = {isa = PBXFileReference; fileEncoding = 4; lastKnownFileType = sourcecode.c.h; path = AppPrefsWindowsController.h; sourceTree = "<group>"; };
		024616DC15BC07E5009542B5 /* AppPrefsWindowsController.m */ = {isa = PBXFileReference; fileEncoding = 4; lastKnownFileType = sourcecode.c.objc; path = AppPrefsWindowsController.m; sourceTree = "<group>"; };
		024616E115BC0948009542B5 /* Preferences.xib */ = {isa = PBXFileReference; fileEncoding = 4; lastKnownFileType = file.xib; path = Preferences.xib; sourceTree = "<group>"; };
		024789CE15BD25E1003E7E73 /* TasksView.h */ = {isa = PBXFileReference; fileEncoding = 4; lastKnownFileType = sourcecode.c.h; path = TasksView.h; sourceTree = "<group>"; };
		024789CF15BD25E1003E7E73 /* TasksView.m */ = {isa = PBXFileReference; fileEncoding = 4; lastKnownFileType = sourcecode.c.objc; path = TasksView.m; sourceTree = "<group>"; };
		024789D015BD25E1003E7E73 /* TasksView.xib */ = {isa = PBXFileReference; fileEncoding = 4; lastKnownFileType = file.xib; path = TasksView.xib; sourceTree = "<group>"; };
		026001BD15AC5D0F001742EE /* AppDelegate.m */ = {isa = PBXFileReference; fileEncoding = 4; lastKnownFileType = sourcecode.c.objc; path = AppDelegate.m; sourceTree = "<group>"; };
		026001BE15AC5D0F001742EE /* TaskModel.m */ = {isa = PBXFileReference; fileEncoding = 4; lastKnownFileType = sourcecode.c.objc; path = TaskModel.m; sourceTree = "<group>"; };
		026979DD15AD50E600633881 /* DownloadOperation.h */ = {isa = PBXFileReference; fileEncoding = 4; lastKnownFileType = sourcecode.c.h; path = DownloadOperation.h; sourceTree = "<group>"; };
		026979DE15AD50E600633881 /* DownloadOperation.m */ = {isa = PBXFileReference; fileEncoding = 4; lastKnownFileType = sourcecode.c.objc; path = DownloadOperation.m; sourceTree = "<group>"; };
		0278831E15A96F7400D4C3A5 /* login.png */ = {isa = PBXFileReference; lastKnownFileType = image.png; path = login.png; sourceTree = "<group>"; };
		0278832815A9CD0800D4C3A5 /* Security.framework */ = {isa = PBXFileReference; lastKnownFileType = wrapper.framework; name = Security.framework; path = System/Library/Frameworks/Security.framework; sourceTree = SDKROOT; };
		0278832B15A9DBBC00D4C3A5 /* Thunder512.icns */ = {isa = PBXFileReference; lastKnownFileType = image.icns; path = Thunder512.icns; sourceTree = "<group>"; };
		029270B315BD1AB300CCAAC3 /* MainView.h */ = {isa = PBXFileReference; fileEncoding = 4; lastKnownFileType = sourcecode.c.h; path = MainView.h; sourceTree = "<group>"; };
		029270B415BD1AB300CCAAC3 /* MainView.m */ = {isa = PBXFileReference; fileEncoding = 4; lastKnownFileType = sourcecode.c.objc; path = MainView.m; sourceTree = "<group>"; };
		029270B515BD1AB300CCAAC3 /* MainView.xib */ = {isa = PBXFileReference; fileEncoding = 4; lastKnownFileType = file.xib; path = MainView.xib; sourceTree = "<group>"; };
		02CDEC9A15BC0E3F0069C955 /* 常规.png */ = {isa = PBXFileReference; lastKnownFileType = image.png; path = "常规.png"; sourceTree = "<group>"; };
		02CDEC9E15BC10580069C955 /* 高级.png */ = {isa = PBXFileReference; lastKnownFileType = image.png; path = "高级.png"; sourceTree = "<group>"; };
		02CDECA015BC131C0069C955 /* Constants.h */ = {isa = PBXFileReference; lastKnownFileType = sourcecode.c.h; path = Constants.h; sourceTree = "<group>"; };
		02D4C9E515BC053100E4F9E9 /* DBPrefsWindowController.h */ = {isa = PBXFileReference; lastKnownFileType = sourcecode.c.h; path = DBPrefsWindowController.h; sourceTree = "<group>"; };
		02D4C9E615BC053100E4F9E9 /* DBPrefsWindowController.m */ = {isa = PBXFileReference; lastKnownFileType = sourcecode.c.objc; path = DBPrefsWindowController.m; sourceTree = "<group>"; };
		02D8EDE015AB4E9400995DB4 /* nav-bt.png */ = {isa = PBXFileReference; lastKnownFileType = image.png; path = "nav-bt.png"; sourceTree = "<group>"; };
/* End PBXFileReference section */

/* Begin PBXFrameworksBuildPhase section */
		020E4A1D15A7105E001A6231 /* Frameworks */ = {
			isa = PBXFrameworksBuildPhase;
			buildActionMask = 2147483647;
			files = (
				0278832915A9CD0800D4C3A5 /* Security.framework in Frameworks */,
				020E4A2515A7105E001A6231 /* Cocoa.framework in Frameworks */,
				020FBA3415BE38C2002BF43E /* Sparkle.framework in Frameworks */,
			);
			runOnlyForDeploymentPostprocessing = 0;
		};
/* End PBXFrameworksBuildPhase section */

/* Begin PBXGroup section */
		020E4A1515A7105E001A6231 = {
			isa = PBXGroup;
			children = (
				0278832B15A9DBBC00D4C3A5 /* Thunder512.icns */,
				020FBD6715BF1B88002BF43E /* aria2c */,
				020E4A2A15A7105E001A6231 /* fakeThunder */,
				020E4A2315A7105E001A6231 /* Frameworks */,
				020E4A2115A7105E001A6231 /* Products */,
			);
			sourceTree = "<group>";
		};
		020E4A2115A7105E001A6231 /* Products */ = {
			isa = PBXGroup;
			children = (
				020E4A2015A7105E001A6231 /* fakeThunder.app */,
			);
			name = Products;
			sourceTree = "<group>";
		};
		020E4A2315A7105E001A6231 /* Frameworks */ = {
			isa = PBXGroup;
			children = (
				020FBA3315BE38C2002BF43E /* Sparkle.framework */,
				0278832815A9CD0800D4C3A5 /* Security.framework */,
				020E4A2415A7105E001A6231 /* Cocoa.framework */,
				020E4A4215A7105E001A6231 /* SenTestingKit.framework */,
				020E4A2615A7105E001A6231 /* Other Frameworks */,
			);
			name = Frameworks;
			sourceTree = "<group>";
		};
		020E4A2615A7105E001A6231 /* Other Frameworks */ = {
			isa = PBXGroup;
			children = (
				020E4A2715A7105E001A6231 /* AppKit.framework */,
				020E4A2815A7105E001A6231 /* CoreData.framework */,
				020E4A2915A7105E001A6231 /* Foundation.framework */,
			);
			name = "Other Frameworks";
			sourceTree = "<group>";
		};
		020E4A2A15A7105E001A6231 /* fakeThunder */ = {
			isa = PBXGroup;
			children = (
				024789D415BD2770003E7E73 /* Utility */,
				024789D315BD2755003E7E73 /* Model */,
				029270B015BD1A5E00CCAAC3 /* View */,
				020E4A3615A7105E001A6231 /* AppDelegate.h */,
				026001BD15AC5D0F001742EE /* AppDelegate.m */,
				020E4A3915A7105E001A6231 /* MainMenu.xib */,
				020E4A5815A712E3001A6231 /* Resources */,
				020E4A2B15A7105E001A6231 /* Supporting Files */,
			);
			name = fakeThunder;
			path = iThunderLiXian;
			sourceTree = "<group>";
		};
		020E4A2B15A7105E001A6231 /* Supporting Files */ = {
			isa = PBXGroup;
			children = (
				020E4A2C15A7105E001A6231 /* fakeThunder-Info.plist */,
				020E4A2D15A7105E001A6231 /* InfoPlist.strings */,
				020E4A3015A7105E001A6231 /* main.m */,
				020E4A3215A7105E001A6231 /* fakeThunder-Prefix.pch */,
				020E4A3315A7105E001A6231 /* Credits.rtf */,
			);
			name = "Supporting Files";
			sourceTree = "<group>";
		};
		020E4A5815A712E3001A6231 /* Resources */ = {
			isa = PBXGroup;
			children = (
				02B22F0D15C17300005D0A0B /* NewStyle */,
				020FBD4E15BED226002BF43E /* XunleiAPI */,
				020FBA3715BE399C002BF43E /* dynamiclyrics2_dsa_pub_new.pem */,
				02CDEC9E15BC10580069C955 /* 高级.png */,
				02CDEC9A15BC0E3F0069C955 /* 常规.png */,
				0278831E15A96F7400D4C3A5 /* login.png */,
				02D8EDE015AB4E9400995DB4 /* nav-bt.png */,
			);
			name = Resources;
			sourceTree = "<group>";
		};
		024789D315BD2755003E7E73 /* Model */ = {
			isa = PBXGroup;
			children = (
				026979DD15AD50E600633881 /* DownloadOperation.h */,
				026979DE15AD50E600633881 /* DownloadOperation.m */,
				026001BE15AC5D0F001742EE /* TaskModel.m */,
				0224496E15A71DA1002499B4 /* TaskModel.h */,
				02CDECA015BC131C0069C955 /* Constants.h */,
			);
			name = Model;
			sourceTree = "<group>";
		};
		024789D415BD2770003E7E73 /* Utility */ = {
			isa = PBXGroup;
			children = (
				0224498C15A72E6C002499B4 /* RequestSender.h */,
				0224498D15A72E6C002499B4 /* RequestSender.m */,
			);
			name = Utility;
			sourceTree = "<group>";
		};
		029270B015BD1A5E00CCAAC3 /* View */ = {
			isa = PBXGroup;
			children = (
				029270B315BD1AB300CCAAC3 /* MainView.h */,
				029270B415BD1AB300CCAAC3 /* MainView.m */,
				029270B515BD1AB300CCAAC3 /* MainView.xib */,
				024789CE15BD25E1003E7E73 /* TasksView.h */,
				024789CF15BD25E1003E7E73 /* TasksView.m */,
				024789D015BD25E1003E7E73 /* TasksView.xib */,
				02D4C9E415BC051F00E4F9E9 /* PrefsWindow */,
			);
			name = View;
			sourceTree = "<group>";
		};
		02B22F0D15C17300005D0A0B /* NewStyle */ = {
			isa = PBXGroup;
			children = (
				02134EE015C59A3F000D5479 /* 10@2x.png */,
				02134EDE15C59A28000D5479 /* 10.png */,
				02134EBA15C57450000D5479 /* 1.png */,
				02134EBB15C57450000D5479 /* 1@2x.png */,
				02134EBC15C57450000D5479 /* 2.png */,
				02134EBD15C57450000D5479 /* 2@2x.png */,
				02134EBE15C57450000D5479 /* 3.png */,
				02134EBF15C57450000D5479 /* 3@2x.png */,
				02134EC015C57450000D5479 /* 4.png */,
				02134EC115C57450000D5479 /* 4@2x.png */,
				02134EC215C57450000D5479 /* 5.png */,
				02134EC315C57450000D5479 /* 5@2x.png */,
				02134EC415C57450000D5479 /* 6.png */,
				02134EC515C57450000D5479 /* 6@2x.png */,
				02134EC615C57450000D5479 /* 7.png */,
				02134EC715C57450000D5479 /* 7@2x.png */,
				02134EC815C57450000D5479 /* 8.png */,
				02134EC915C57450000D5479 /* 8@2x.png */,
				02134ECA15C57450000D5479 /* 9.png */,
				02134ECB15C57450000D5479 /* 9@2x.png */,
			);
			name = NewStyle;
			sourceTree = "<group>";
		};
		02D4C9E415BC051F00E4F9E9 /* PrefsWindow */ = {
			isa = PBXGroup;
			children = (
				02D4C9E515BC053100E4F9E9 /* DBPrefsWindowController.h */,
				02D4C9E615BC053100E4F9E9 /* DBPrefsWindowController.m */,
				024616DB15BC07E5009542B5 /* AppPrefsWindowsController.h */,
				024616DC15BC07E5009542B5 /* AppPrefsWindowsController.m */,
				024616E115BC0948009542B5 /* Preferences.xib */,
			);
			name = PrefsWindow;
			sourceTree = "<group>";
		};
/* End PBXGroup section */

/* Begin PBXNativeTarget section */
		020E4A1F15A7105E001A6231 /* fakeThunder */ = {
			isa = PBXNativeTarget;
			buildConfigurationList = 020E4A5215A7105E001A6231 /* Build configuration list for PBXNativeTarget "fakeThunder" */;
			buildPhases = (
				020E4A1C15A7105E001A6231 /* Sources */,
				020E4A1D15A7105E001A6231 /* Frameworks */,
				020E4A1E15A7105E001A6231 /* Resources */,
				020FBA3515BE38D1002BF43E /* CopyFiles */,
				020FBD5015BED23C002BF43E /* CopyFiles */,
			);
			buildRules = (
			);
			dependencies = (
			);
			name = fakeThunder;
			productName = iThunderLiXian;
			productReference = 020E4A2015A7105E001A6231 /* fakeThunder.app */;
			productType = "com.apple.product-type.application";
		};
/* End PBXNativeTarget section */

/* Begin PBXProject section */
		020E4A1715A7105E001A6231 /* Project object */ = {
			isa = PBXProject;
			attributes = {
				LastUpgradeCheck = 0450;
				ORGANIZATIONNAME = Martian;
			};
			buildConfigurationList = 020E4A1A15A7105E001A6231 /* Build configuration list for PBXProject "fakeThunder" */;
			compatibilityVersion = "Xcode 3.2";
			developmentRegion = English;
			hasScannedForEncodings = 0;
			knownRegions = (
				en,
			);
			mainGroup = 020E4A1515A7105E001A6231;
			productRefGroup = 020E4A2115A7105E001A6231 /* Products */;
			projectDirPath = "";
			projectRoot = "";
			targets = (
				020E4A1F15A7105E001A6231 /* fakeThunder */,
			);
		};
/* End PBXProject section */

/* Begin PBXResourcesBuildPhase section */
		020E4A1E15A7105E001A6231 /* Resources */ = {
			isa = PBXResourcesBuildPhase;
			buildActionMask = 2147483647;
			files = (
				020E4A2F15A7105E001A6231 /* InfoPlist.strings in Resources */,
				020E4A3515A7105E001A6231 /* Credits.rtf in Resources */,
				020E4A3B15A7105E001A6231 /* MainMenu.xib in Resources */,
				0278831F15A96F7400D4C3A5 /* login.png in Resources */,
				0278832C15A9DBBC00D4C3A5 /* Thunder512.icns in Resources */,
				02D8EDE115AB4E9400995DB4 /* nav-bt.png in Resources */,
				024616E215BC0948009542B5 /* Preferences.xib in Resources */,
				02CDEC9B15BC0E3F0069C955 /* 常规.png in Resources */,
				02CDEC9F15BC10580069C955 /* 高级.png in Resources */,
				029270B715BD1AB300CCAAC3 /* MainView.xib in Resources */,
				024789D215BD25E1003E7E73 /* TasksView.xib in Resources */,
				020FBA3815BE399C002BF43E /* dynamiclyrics2_dsa_pub_new.pem in Resources */,
				020FBD4F15BED226002BF43E /* XunleiAPI in Resources */,
				020FBD6815BF1B88002BF43E /* aria2c in Resources */,
				02134ECC15C57450000D5479 /* 1.png in Resources */,
				02134ECD15C57450000D5479 /* 1@2x.png in Resources */,
				02134ECE15C57450000D5479 /* 2.png in Resources */,
				02134ECF15C57450000D5479 /* 2@2x.png in Resources */,
				02134ED015C57450000D5479 /* 3.png in Resources */,
				02134ED115C57450000D5479 /* 3@2x.png in Resources */,
				02134ED215C57450000D5479 /* 4.png in Resources */,
				02134ED315C57450000D5479 /* 4@2x.png in Resources */,
				02134ED415C57450000D5479 /* 5.png in Resources */,
				02134ED515C57450000D5479 /* 5@2x.png in Resources */,
				02134ED615C57450000D5479 /* 6.png in Resources */,
				02134ED715C57450000D5479 /* 6@2x.png in Resources */,
				02134ED815C57450000D5479 /* 7.png in Resources */,
				02134ED915C57450000D5479 /* 7@2x.png in Resources */,
				02134EDA15C57450000D5479 /* 8.png in Resources */,
				02134EDB15C57450000D5479 /* 8@2x.png in Resources */,
				02134EDC15C57450000D5479 /* 9.png in Resources */,
				02134EDD15C57450000D5479 /* 9@2x.png in Resources */,
				02134EDF15C59A28000D5479 /* 10.png in Resources */,
				02134EE115C59A3F000D5479 /* 10@2x.png in Resources */,
			);
			runOnlyForDeploymentPostprocessing = 0;
		};
/* End PBXResourcesBuildPhase section */

/* Begin PBXSourcesBuildPhase section */
		020E4A1C15A7105E001A6231 /* Sources */ = {
			isa = PBXSourcesBuildPhase;
			buildActionMask = 2147483647;
			files = (
				02D4C9E715BC054800E4F9E9 /* DBPrefsWindowController.m in Sources */,
				0224498E15A73011002499B4 /* RequestSender.m in Sources */,
				020E4A3115A7105E001A6231 /* main.m in Sources */,
				026001BF15AC5D0F001742EE /* AppDelegate.m in Sources */,
				026001C015AC5D0F001742EE /* TaskModel.m in Sources */,
				026979DF15AD50E600633881 /* DownloadOperation.m in Sources */,
				024616DD15BC07E5009542B5 /* AppPrefsWindowsController.m in Sources */,
				029270B615BD1AB300CCAAC3 /* MainView.m in Sources */,
				024789D115BD25E1003E7E73 /* TasksView.m in Sources */,
			);
			runOnlyForDeploymentPostprocessing = 0;
		};
/* End PBXSourcesBuildPhase section */

/* Begin PBXVariantGroup section */
		020E4A2D15A7105E001A6231 /* InfoPlist.strings */ = {
			isa = PBXVariantGroup;
			children = (
				020E4A2E15A7105E001A6231 /* en */,
			);
			name = InfoPlist.strings;
			sourceTree = "<group>";
		};
		020E4A3315A7105E001A6231 /* Credits.rtf */ = {
			isa = PBXVariantGroup;
			children = (
				020E4A3415A7105E001A6231 /* en */,
			);
			name = Credits.rtf;
			sourceTree = "<group>";
		};
		020E4A3915A7105E001A6231 /* MainMenu.xib */ = {
			isa = PBXVariantGroup;
			children = (
				020E4A3A15A7105E001A6231 /* en */,
			);
			name = MainMenu.xib;
			sourceTree = "<group>";
		};
/* End PBXVariantGroup section */

/* Begin XCBuildConfiguration section */
		020E4A5015A7105E001A6231 /* Debug */ = {
			isa = XCBuildConfiguration;
			buildSettings = {
				ALWAYS_SEARCH_USER_PATHS = NO;
				ARCHS = "$(ARCHS_STANDARD_64_BIT)";
				CLANG_CXX_LANGUAGE_STANDARD = "gnu++0x";
				CLANG_ENABLE_OBJC_ARC = NO;
				CLANG_WARN_OBJCPP_ARC_ABI = NO;
				CLANG_WARN__DUPLICATE_METHOD_MATCH = YES;
				COPY_PHASE_STRIP = NO;
				GCC_C_LANGUAGE_STANDARD = gnu99;
				GCC_DYNAMIC_NO_PIC = NO;
				GCC_ENABLE_OBJC_EXCEPTIONS = YES;
				GCC_OPTIMIZATION_LEVEL = 0;
				GCC_PREPROCESSOR_DEFINITIONS = (
					"DEBUG=1",
					"$(inherited)",
				);
				GCC_SYMBOLS_PRIVATE_EXTERN = NO;
				GCC_WARN_64_TO_32_BIT_CONVERSION = YES;
				GCC_WARN_ABOUT_RETURN_TYPE = YES;
				GCC_WARN_UNINITIALIZED_AUTOS = YES;
				GCC_WARN_UNUSED_VARIABLE = YES;
				MACOSX_DEPLOYMENT_TARGET = 10.8;
				ONLY_ACTIVE_ARCH = YES;
				SDKROOT = macosx;
			};
			name = Debug;
		};
		020E4A5115A7105E001A6231 /* Release */ = {
			isa = XCBuildConfiguration;
			buildSettings = {
				ALWAYS_SEARCH_USER_PATHS = NO;
				ARCHS = "$(ARCHS_STANDARD_64_BIT)";
				CLANG_CXX_LANGUAGE_STANDARD = "gnu++0x";
				CLANG_ENABLE_OBJC_ARC = NO;
				CLANG_WARN_OBJCPP_ARC_ABI = NO;
				CLANG_WARN__DUPLICATE_METHOD_MATCH = YES;
				COPY_PHASE_STRIP = YES;
				DEBUG_INFORMATION_FORMAT = "dwarf-with-dsym";
				GCC_C_LANGUAGE_STANDARD = gnu99;
				GCC_ENABLE_OBJC_EXCEPTIONS = YES;
				GCC_WARN_64_TO_32_BIT_CONVERSION = YES;
				GCC_WARN_ABOUT_RETURN_TYPE = YES;
				GCC_WARN_UNINITIALIZED_AUTOS = YES;
				GCC_WARN_UNUSED_VARIABLE = YES;
				MACOSX_DEPLOYMENT_TARGET = 10.8;
				SDKROOT = macosx;
			};
			name = Release;
		};
		020E4A5315A7105E001A6231 /* Debug */ = {
			isa = XCBuildConfiguration;
			buildSettings = {
				CLANG_ENABLE_OBJC_ARC = YES;
				CODE_SIGN_IDENTITY = "Mac Developer";
				COMBINE_HIDPI_IMAGES = YES;
				FRAMEWORK_SEARCH_PATHS = (
					"$(inherited)",
					"\"$(SRCROOT)\"",
				);
				GCC_PRECOMPILE_PREFIX_HEADER = YES;
				GCC_PREFIX_HEADER = "iThunderLiXian/fakeThunder-Prefix.pch";
				GCC_VERSION = "";
				INFOPLIST_FILE = "iThunderLiXian/fakeThunder-Info.plist";
				MACOSX_DEPLOYMENT_TARGET = 10.7;
				PRODUCT_NAME = "$(TARGET_NAME)";
				SDKROOT = macosx;
				WRAPPER_EXTENSION = app;
			};
			name = Debug;
		};
		020E4A5415A7105E001A6231 /* Release */ = {
			isa = XCBuildConfiguration;
			buildSettings = {
				CLANG_ENABLE_OBJC_ARC = YES;
				CODE_SIGN_IDENTITY = "Mac Developer";
				COMBINE_HIDPI_IMAGES = YES;
				FRAMEWORK_SEARCH_PATHS = (
					"$(inherited)",
					"\"$(SRCROOT)\"",
				);
				GCC_PRECOMPILE_PREFIX_HEADER = YES;
				GCC_PREFIX_HEADER = "iThunderLiXian/fakeThunder-Prefix.pch";
				GCC_VERSION = "";
				INFOPLIST_FILE = "iThunderLiXian/fakeThunder-Info.plist";
				MACOSX_DEPLOYMENT_TARGET = 10.7;
				PRODUCT_NAME = "$(TARGET_NAME)";
				SDKROOT = macosx;
				WRAPPER_EXTENSION = app;
			};
			name = Release;
		};
/* End XCBuildConfiguration section */

/* Begin XCConfigurationList section */
		020E4A1A15A7105E001A6231 /* Build configuration list for PBXProject "fakeThunder" */ = {
			isa = XCConfigurationList;
			buildConfigurations = (
				020E4A5015A7105E001A6231 /* Debug */,
				020E4A5115A7105E001A6231 /* Release */,
			);
			defaultConfigurationIsVisible = 0;
			defaultConfigurationName = Release;
		};
		020E4A5215A7105E001A6231 /* Build configuration list for PBXNativeTarget "fakeThunder" */ = {
			isa = XCConfigurationList;
			buildConfigurations = (
				020E4A5315A7105E001A6231 /* Debug */,
				020E4A5415A7105E001A6231 /* Release */,
			);
			defaultConfigurationIsVisible = 0;
			defaultConfigurationName = Release;
		};
/* End XCConfigurationList section */
	};
	rootObject = 020E4A1715A7105E001A6231 /* Project object */;
}
