// !$*UTF8*$!
{
	archiveVersion = 1;
	classes = {
	};
	objectVersion = 46;
	objects = {

/* Begin PBXBuildFile section */
		020E1F3015DC046300FF99ED /* NSArray_Extensions.m in Sources */ = {isa = PBXBuildFile; fileRef = 020E1F2F15DC046300FF99ED /* NSArray_Extensions.m */; };
		024C874815DBA755003EF1F3 /* Cocoa.framework in Frameworks */ = {isa = PBXBuildFile; fileRef = 024C874715DBA755003EF1F3 /* Cocoa.framework */; };
		024C875215DBA755003EF1F3 /* Localizable.strings in Resources */ = {isa = PBXBuildFile; fileRef = 024C875015DBA755003EF1F3 /* Localizable.strings */; };
		024C875415DBA755003EF1F3 /* main.m in Sources */ = {isa = PBXBuildFile; fileRef = 024C875315DBA755003EF1F3 /* main.m */; };
		024C875815DBA755003EF1F3 /* Credits.rtf in Resources */ = {isa = PBXBuildFile; fileRef = 024C875615DBA755003EF1F3 /* Credits.rtf */; };
		024C875B15DBA755003EF1F3 /* AppDelegate.m in Sources */ = {isa = PBXBuildFile; fileRef = 024C875A15DBA755003EF1F3 /* AppDelegate.m */; };
		024C875E15DBA756003EF1F3 /* MainMenu.xib in Resources */ = {isa = PBXBuildFile; fileRef = 024C875C15DBA756003EF1F3 /* MainMenu.xib */; };
		024C878415DBA7A6003EF1F3 /* fakeThunder.icns in Resources */ = {isa = PBXBuildFile; fileRef = 024C878315DBA7A6003EF1F3 /* fakeThunder.icns */; };
		0295F2D115DBB56400529BA5 /* MainView.m in Sources */ = {isa = PBXBuildFile; fileRef = 0295F2CF15DBB56400529BA5 /* MainView.m */; };
		0295F2D615DBB6AD00529BA5 /* TasksView.m in Sources */ = {isa = PBXBuildFile; fileRef = 0295F2D415DBB6AD00529BA5 /* TasksView.m */; };
		CA1892AC1814F14F00EA4352 /* DropZoneView.m in Sources */ = {isa = PBXBuildFile; fileRef = CA1892A71814EE1800EA4352 /* DropZoneView.m */; };
		CA1892B01814F5AE00EA4352 /* TorrentView.m in Sources */ = {isa = PBXBuildFile; fileRef = CA1892AE1814F5AE00EA4352 /* TorrentView.m */; };
		CA1892C31815359600EA4352 /* Sparkle.framework in Frameworks */ = {isa = PBXBuildFile; fileRef = CA1892C21815359600EA4352 /* Sparkle.framework */; };
		CA1892C5181535E900EA4352 /* Sparkle.framework in CopyFiles */ = {isa = PBXBuildFile; fileRef = CA1892C21815359600EA4352 /* Sparkle.framework */; };
		CA1892CD18163DAC00EA4352 /* DBPrefsWindowController.m in Sources */ = {isa = PBXBuildFile; fileRef = CA1892CC18163DAC00EA4352 /* DBPrefsWindowController.m */; };
		CA1892D118163DE000EA4352 /* AppPrefsWindowsController.m in Sources */ = {isa = PBXBuildFile; fileRef = CA1892CF18163DE000EA4352 /* AppPrefsWindowsController.m */; };
		CA1892D518163FA100EA4352 /* Bandwidth.png in Resources */ = {isa = PBXBuildFile; fileRef = CA1892D318163FA100EA4352 /* Bandwidth.png */; };
		CA1892D618163FA100EA4352 /* Bandwidth@2x.png in Resources */ = {isa = PBXBuildFile; fileRef = CA1892D418163FA100EA4352 /* Bandwidth@2x.png */; };
		CA1892D9181641B200EA4352 /* General.png in Resources */ = {isa = PBXBuildFile; fileRef = CA1892D7181641B200EA4352 /* General.png */; };
		CA1892DA181641B200EA4352 /* General@2x.png in Resources */ = {isa = PBXBuildFile; fileRef = CA1892D8181641B200EA4352 /* General@2x.png */; };
		CA424CD7183132990071AB0F /* addTemplate.png in Resources */ = {isa = PBXBuildFile; fileRef = CA424CD2183132990071AB0F /* addTemplate.png */; };
		CA424CD8183132990071AB0F /* addTemplate@2x.png in Resources */ = {isa = PBXBuildFile; fileRef = CA424CD3183132990071AB0F /* addTemplate@2x.png */; };
		CA424CD9183132990071AB0F /* startTemplate.png in Resources */ = {isa = PBXBuildFile; fileRef = CA424CD4183132990071AB0F /* startTemplate.png */; };
		CA424CDA183132990071AB0F /* startTemplate@2x.png in Resources */ = {isa = PBXBuildFile; fileRef = CA424CD5183132990071AB0F /* startTemplate@2x.png */; };
		CA424CDB183132990071AB0F /* stopTemplate.png in Resources */ = {isa = PBXBuildFile; fileRef = CA424CD6183132990071AB0F /* stopTemplate.png */; };
		CA6B5A7B1812657600B14CD2 /* Security.framework in Frameworks */ = {isa = PBXBuildFile; fileRef = CA6B5A7A1812657600B14CD2 /* Security.framework */; };
		CA6B5A81181265C900B14CD2 /* SSKeychain.m in Sources */ = {isa = PBXBuildFile; fileRef = CA6B5A80181265A700B14CD2 /* SSKeychain.m */; };
		CA6B5A841812BEC500B14CD2 /* DownloadOperation.m in Sources */ = {isa = PBXBuildFile; fileRef = CA6B5A831812BEC400B14CD2 /* DownloadOperation.m */; };
		CA6B5A87181395BC00B14CD2 /* drag_icon@2x.png in Resources */ = {isa = PBXBuildFile; fileRef = CA6B5A85181395BC00B14CD2 /* drag_icon@2x.png */; };
		CA6B5A88181395BC00B14CD2 /* drag_icon.png in Resources */ = {isa = PBXBuildFile; fileRef = CA6B5A86181395BC00B14CD2 /* drag_icon.png */; };
		CAA439A718182F7C00CE8EB5 /* SFBCrashReporter.framework in CopyFiles */ = {isa = PBXBuildFile; fileRef = CAD00E951818125B006850A3 /* SFBCrashReporter.framework */; };
		CAA439BB1818351400CE8EB5 /* TondarAPI.framework in Frameworks */ = {isa = PBXBuildFile; fileRef = CAA439B4181834F300CE8EB5 /* TondarAPI.framework */; };
		CAA439BD1818352800CE8EB5 /* TondarAPI.framework in CopyFiles */ = {isa = PBXBuildFile; fileRef = CAA439B4181834F300CE8EB5 /* TondarAPI.framework */; };
		CAA439C718193AEC00CE8EB5 /* Preferences.xib in Resources */ = {isa = PBXBuildFile; fileRef = CAA439C918193AEC00CE8EB5 /* Preferences.xib */; };
		CAA439CC18193B5F00CE8EB5 /* MainView.xib in Resources */ = {isa = PBXBuildFile; fileRef = CAA439CE18193B5F00CE8EB5 /* MainView.xib */; };
		CAA439D018193B6C00CE8EB5 /* TasksView.xib in Resources */ = {isa = PBXBuildFile; fileRef = CAA439D218193B6C00CE8EB5 /* TasksView.xib */; };
		CAA439D418193B7400CE8EB5 /* TorrentView.xib in Resources */ = {isa = PBXBuildFile; fileRef = CAA439D618193B7400CE8EB5 /* TorrentView.xib */; };
		CAAD78B6181154B1008168C2 /* TaskEntity.m in Sources */ = {isa = PBXBuildFile; fileRef = CAAD78B5181154B1008168C2 /* TaskEntity.m */; };
		CAAD78B918116B1E008168C2 /* TableCellView.m in Sources */ = {isa = PBXBuildFile; fileRef = CAAD78B818116B1E008168C2 /* TableCellView.m */; };
		CAAD78E81811888F008168C2 /* taskitem_bt.png in Resources */ = {isa = PBXBuildFile; fileRef = CAAD78E61811888F008168C2 /* taskitem_bt.png */; };
		CAAD78E91811888F008168C2 /* taskitem_bt@2x.png in Resources */ = {isa = PBXBuildFile; fileRef = CAAD78E71811888F008168C2 /* taskitem_bt@2x.png */; };
		CAAD78EB181197E3008168C2 /* aria2c in Resources */ = {isa = PBXBuildFile; fileRef = CAAD78EA181197E2008168C2 /* aria2c */; };
		CABA670E1847078F004C3DE2 /* TextView.m in Sources */ = {isa = PBXBuildFile; fileRef = CABA670D1847078F004C3DE2 /* TextView.m */; };
		CAD00E8618180323006850A3 /* dynamiclyrics2_dsa_pub_new.pem in Resources */ = {isa = PBXBuildFile; fileRef = CAD00E8518180323006850A3 /* dynamiclyrics2_dsa_pub_new.pem */; };
		CAD00EA818182B37006850A3 /* SFBCrashReporter.framework in Frameworks */ = {isa = PBXBuildFile; fileRef = CAD00E951818125B006850A3 /* SFBCrashReporter.framework */; };
/* End PBXBuildFile section */

/* Begin PBXContainerItemProxy section */
		CAA439B3181834F300CE8EB5 /* PBXContainerItemProxy */ = {
			isa = PBXContainerItemProxy;
			containerPortal = CAA439AD181834F300CE8EB5 /* TondarAPI.xcodeproj */;
			proxyType = 2;
			remoteGlobalIDString = 02F155B815C547220054EF51;
			remoteInfo = TondarAPI;
		};
		CAA439B5181834F300CE8EB5 /* PBXContainerItemProxy */ = {
			isa = PBXContainerItemProxy;
			containerPortal = CAA439AD181834F300CE8EB5 /* TondarAPI.xcodeproj */;
			proxyType = 2;
			remoteGlobalIDString = 02F155D015C547220054EF51;
			remoteInfo = TondarAPITests;
		};
		CAA439B7181834F300CE8EB5 /* PBXContainerItemProxy */ = {
			isa = PBXContainerItemProxy;
			containerPortal = CAA439AD181834F300CE8EB5 /* TondarAPI.xcodeproj */;
			proxyType = 2;
			remoteGlobalIDString = A83FEE8F15E3E5EF00FD8907;
			remoteInfo = URLTesting;
		};
		CAA439B91818350E00CE8EB5 /* PBXContainerItemProxy */ = {
			isa = PBXContainerItemProxy;
			containerPortal = CAA439AD181834F300CE8EB5 /* TondarAPI.xcodeproj */;
			proxyType = 1;
			remoteGlobalIDString = 02F155B715C547220054EF51;
			remoteInfo = TondarAPI;
		};
		CAD00E941818125B006850A3 /* PBXContainerItemProxy */ = {
			isa = PBXContainerItemProxy;
			containerPortal = CAD00E901818125B006850A3 /* SFBCrashReporter.xcodeproj */;
			proxyType = 2;
			remoteGlobalIDString = 8DC2EF5B0486A6940098B216;
			remoteInfo = SFBCrashReporter;
		};
		CAD00EA918182B3A006850A3 /* PBXContainerItemProxy */ = {
			isa = PBXContainerItemProxy;
			containerPortal = CAD00E901818125B006850A3 /* SFBCrashReporter.xcodeproj */;
			proxyType = 1;
			remoteGlobalIDString = 8DC2EF4F0486A6940098B216;
			remoteInfo = SFBCrashReporter;
		};
/* End PBXContainerItemProxy section */

/* Begin PBXCopyFilesBuildPhase section */
		CA1892C4181535C000EA4352 /* CopyFiles */ = {
			isa = PBXCopyFilesBuildPhase;
			buildActionMask = 2147483647;
			dstPath = "";
			dstSubfolderSpec = 10;
			files = (
				CAA439A718182F7C00CE8EB5 /* SFBCrashReporter.framework in CopyFiles */,
				CAA439BD1818352800CE8EB5 /* TondarAPI.framework in CopyFiles */,
				CA1892C5181535E900EA4352 /* Sparkle.framework in CopyFiles */,
			);
			runOnlyForDeploymentPostprocessing = 0;
		};
/* End PBXCopyFilesBuildPhase section */

/* Begin PBXFileReference section */
		020E1F2E15DC046300FF99ED /* NSArray_Extensions.h */ = {isa = PBXFileReference; fileEncoding = 4; lastKnownFileType = sourcecode.c.h; path = NSArray_Extensions.h; sourceTree = "<group>"; };
		020E1F2F15DC046300FF99ED /* NSArray_Extensions.m */ = {isa = PBXFileReference; fileEncoding = 4; lastKnownFileType = sourcecode.c.objc; path = NSArray_Extensions.m; sourceTree = "<group>"; };
		024C874315DBA755003EF1F3 /* fakeThunder.app */ = {isa = PBXFileReference; explicitFileType = wrapper.application; includeInIndex = 0; path = fakeThunder.app; sourceTree = BUILT_PRODUCTS_DIR; };
		024C874715DBA755003EF1F3 /* Cocoa.framework */ = {isa = PBXFileReference; lastKnownFileType = wrapper.framework; name = Cocoa.framework; path = System/Library/Frameworks/Cocoa.framework; sourceTree = SDKROOT; };
		024C874A15DBA755003EF1F3 /* AppKit.framework */ = {isa = PBXFileReference; lastKnownFileType = wrapper.framework; name = AppKit.framework; path = System/Library/Frameworks/AppKit.framework; sourceTree = SDKROOT; };
		024C874B15DBA755003EF1F3 /* CoreData.framework */ = {isa = PBXFileReference; lastKnownFileType = wrapper.framework; name = CoreData.framework; path = System/Library/Frameworks/CoreData.framework; sourceTree = SDKROOT; };
		024C874C15DBA755003EF1F3 /* Foundation.framework */ = {isa = PBXFileReference; lastKnownFileType = wrapper.framework; name = Foundation.framework; path = System/Library/Frameworks/Foundation.framework; sourceTree = SDKROOT; };
		024C874F15DBA755003EF1F3 /* fakeThunder-Info.plist */ = {isa = PBXFileReference; lastKnownFileType = text.plist.xml; path = "fakeThunder-Info.plist"; sourceTree = "<group>"; };
		024C875115DBA755003EF1F3 /* en */ = {isa = PBXFileReference; lastKnownFileType = text.plist.strings; name = en; path = en.lproj/Localizable.strings; sourceTree = "<group>"; };
		024C875315DBA755003EF1F3 /* main.m */ = {isa = PBXFileReference; lastKnownFileType = sourcecode.c.objc; path = main.m; sourceTree = "<group>"; };
		024C875515DBA755003EF1F3 /* fakeThunder-Prefix.pch */ = {isa = PBXFileReference; lastKnownFileType = sourcecode.c.h; path = "fakeThunder-Prefix.pch"; sourceTree = "<group>"; };
		024C875715DBA755003EF1F3 /* en */ = {isa = PBXFileReference; lastKnownFileType = text.rtf; name = en; path = en.lproj/Credits.rtf; sourceTree = "<group>"; };
		024C875915DBA755003EF1F3 /* AppDelegate.h */ = {isa = PBXFileReference; lastKnownFileType = sourcecode.c.h; path = AppDelegate.h; sourceTree = "<group>"; };
		024C875A15DBA755003EF1F3 /* AppDelegate.m */ = {isa = PBXFileReference; lastKnownFileType = sourcecode.c.objc; path = AppDelegate.m; sourceTree = "<group>"; };
		024C875D15DBA756003EF1F3 /* en */ = {isa = PBXFileReference; lastKnownFileType = file.xib; name = en; path = en.lproj/MainMenu.xib; sourceTree = "<group>"; };
		024C876515DBA756003EF1F3 /* SenTestingKit.framework */ = {isa = PBXFileReference; lastKnownFileType = wrapper.framework; name = SenTestingKit.framework; path = Library/Frameworks/SenTestingKit.framework; sourceTree = DEVELOPER_DIR; };
		024C878315DBA7A6003EF1F3 /* fakeThunder.icns */ = {isa = PBXFileReference; lastKnownFileType = image.icns; name = fakeThunder.icns; path = ../fakeThunder.icns; sourceTree = "<group>"; };
		0295F2CE15DBB56400529BA5 /* MainView.h */ = {isa = PBXFileReference; fileEncoding = 4; lastKnownFileType = sourcecode.c.h; path = MainView.h; sourceTree = "<group>"; };
		0295F2CF15DBB56400529BA5 /* MainView.m */ = {isa = PBXFileReference; fileEncoding = 4; lastKnownFileType = sourcecode.c.objc; path = MainView.m; sourceTree = "<group>"; };
		0295F2D315DBB6AD00529BA5 /* TasksView.h */ = {isa = PBXFileReference; fileEncoding = 4; lastKnownFileType = sourcecode.c.h; path = TasksView.h; sourceTree = "<group>"; };
		0295F2D415DBB6AD00529BA5 /* TasksView.m */ = {isa = PBXFileReference; fileEncoding = 4; lastKnownFileType = sourcecode.c.objc; path = TasksView.m; sourceTree = "<group>"; };
		CA1892A61814EE1800EA4352 /* DropZoneView.h */ = {isa = PBXFileReference; fileEncoding = 4; lastKnownFileType = sourcecode.c.h; path = DropZoneView.h; sourceTree = "<group>"; };
		CA1892A71814EE1800EA4352 /* DropZoneView.m */ = {isa = PBXFileReference; fileEncoding = 4; lastKnownFileType = sourcecode.c.objc; path = DropZoneView.m; sourceTree = "<group>"; };
		CA1892AD1814F5AE00EA4352 /* TorrentView.h */ = {isa = PBXFileReference; fileEncoding = 4; lastKnownFileType = sourcecode.c.h; path = TorrentView.h; sourceTree = "<group>"; };
		CA1892AE1814F5AE00EA4352 /* TorrentView.m */ = {isa = PBXFileReference; fileEncoding = 4; lastKnownFileType = sourcecode.c.objc; path = TorrentView.m; sourceTree = "<group>"; };
		CA1892B41815102B00EA4352 /* Constants.h */ = {isa = PBXFileReference; lastKnownFileType = sourcecode.c.h; path = Constants.h; sourceTree = "<group>"; };
		CA1892C21815359600EA4352 /* Sparkle.framework */ = {isa = PBXFileReference; lastKnownFileType = wrapper.framework; path = Sparkle.framework; sourceTree = "<group>"; };
		CA1892CB18163DAC00EA4352 /* DBPrefsWindowController.h */ = {isa = PBXFileReference; fileEncoding = 4; lastKnownFileType = sourcecode.c.h; path = DBPrefsWindowController.h; sourceTree = "<group>"; };
		CA1892CC18163DAC00EA4352 /* DBPrefsWindowController.m */ = {isa = PBXFileReference; fileEncoding = 4; lastKnownFileType = sourcecode.c.objc; path = DBPrefsWindowController.m; sourceTree = "<group>"; };
		CA1892CE18163DE000EA4352 /* AppPrefsWindowsController.h */ = {isa = PBXFileReference; fileEncoding = 4; lastKnownFileType = sourcecode.c.h; path = AppPrefsWindowsController.h; sourceTree = "<group>"; };
		CA1892CF18163DE000EA4352 /* AppPrefsWindowsController.m */ = {isa = PBXFileReference; fileEncoding = 4; lastKnownFileType = sourcecode.c.objc; path = AppPrefsWindowsController.m; sourceTree = "<group>"; };
		CA1892D318163FA100EA4352 /* Bandwidth.png */ = {isa = PBXFileReference; lastKnownFileType = image.png; path = Bandwidth.png; sourceTree = "<group>"; };
		CA1892D418163FA100EA4352 /* Bandwidth@2x.png */ = {isa = PBXFileReference; lastKnownFileType = image.png; path = "Bandwidth@2x.png"; sourceTree = "<group>"; };
		CA1892D7181641B200EA4352 /* General.png */ = {isa = PBXFileReference; lastKnownFileType = image.png; path = General.png; sourceTree = "<group>"; };
		CA1892D8181641B200EA4352 /* General@2x.png */ = {isa = PBXFileReference; lastKnownFileType = image.png; path = "General@2x.png"; sourceTree = "<group>"; };
		CA424CD2183132990071AB0F /* addTemplate.png */ = {isa = PBXFileReference; lastKnownFileType = image.png; path = addTemplate.png; sourceTree = "<group>"; };
		CA424CD3183132990071AB0F /* addTemplate@2x.png */ = {isa = PBXFileReference; lastKnownFileType = image.png; path = "addTemplate@2x.png"; sourceTree = "<group>"; };
		CA424CD4183132990071AB0F /* startTemplate.png */ = {isa = PBXFileReference; lastKnownFileType = image.png; path = startTemplate.png; sourceTree = "<group>"; };
		CA424CD5183132990071AB0F /* startTemplate@2x.png */ = {isa = PBXFileReference; lastKnownFileType = image.png; path = "startTemplate@2x.png"; sourceTree = "<group>"; };
		CA424CD6183132990071AB0F /* stopTemplate.png */ = {isa = PBXFileReference; lastKnownFileType = image.png; path = stopTemplate.png; sourceTree = "<group>"; };
		CA6B5A7A1812657600B14CD2 /* Security.framework */ = {isa = PBXFileReference; lastKnownFileType = wrapper.framework; name = Security.framework; path = System/Library/Frameworks/Security.framework; sourceTree = SDKROOT; };
		CA6B5A7F181265A700B14CD2 /* SSKeychain.h */ = {isa = PBXFileReference; lastKnownFileType = sourcecode.c.h; path = SSKeychain.h; sourceTree = "<group>"; };
		CA6B5A80181265A700B14CD2 /* SSKeychain.m */ = {isa = PBXFileReference; lastKnownFileType = sourcecode.c.objc; path = SSKeychain.m; sourceTree = "<group>"; };
		CA6B5A821812BEC400B14CD2 /* DownloadOperation.h */ = {isa = PBXFileReference; fileEncoding = 4; lastKnownFileType = sourcecode.c.h; path = DownloadOperation.h; sourceTree = "<group>"; };
		CA6B5A831812BEC400B14CD2 /* DownloadOperation.m */ = {isa = PBXFileReference; fileEncoding = 4; lastKnownFileType = sourcecode.c.objc; path = DownloadOperation.m; sourceTree = "<group>"; };
		CA6B5A85181395BC00B14CD2 /* drag_icon@2x.png */ = {isa = PBXFileReference; lastKnownFileType = image.png; path = "drag_icon@2x.png"; sourceTree = "<group>"; };
		CA6B5A86181395BC00B14CD2 /* drag_icon.png */ = {isa = PBXFileReference; lastKnownFileType = image.png; path = drag_icon.png; sourceTree = "<group>"; };
		CA91FB0918193D93008B19F1 /* zh-Hans */ = {isa = PBXFileReference; lastKnownFileType = text.plist.strings; name = "zh-Hans"; path = "zh-Hans.lproj/Localizable.strings"; sourceTree = "<group>"; };
		CAA439AD181834F300CE8EB5 /* TondarAPI.xcodeproj */ = {isa = PBXFileReference; lastKnownFileType = "wrapper.pb-project"; name = TondarAPI.xcodeproj; path = "xunlei-lixian-api/TondarAPI.xcodeproj"; sourceTree = "<group>"; };
		CAA439C818193AEC00CE8EB5 /* en */ = {isa = PBXFileReference; lastKnownFileType = file.xib; name = en; path = en.lproj/Preferences.xib; sourceTree = "<group>"; };
		CAA439CA18193B5200CE8EB5 /* zh-Hans */ = {isa = PBXFileReference; lastKnownFileType = file.xib; name = "zh-Hans"; path = "zh-Hans.lproj/Preferences.xib"; sourceTree = "<group>"; };
		CAA439CB18193B5200CE8EB5 /* zh-Hans */ = {isa = PBXFileReference; lastKnownFileType = file.xib; name = "zh-Hans"; path = "zh-Hans.lproj/MainMenu.xib"; sourceTree = "<group>"; };
		CAA439CD18193B5F00CE8EB5 /* en */ = {isa = PBXFileReference; lastKnownFileType = file.xib; name = en; path = en.lproj/MainView.xib; sourceTree = "<group>"; };
		CAA439CF18193B6100CE8EB5 /* zh-Hans */ = {isa = PBXFileReference; lastKnownFileType = file.xib; name = "zh-Hans"; path = "zh-Hans.lproj/MainView.xib"; sourceTree = "<group>"; };
		CAA439D118193B6C00CE8EB5 /* en */ = {isa = PBXFileReference; lastKnownFileType = file.xib; name = en; path = en.lproj/TasksView.xib; sourceTree = "<group>"; };
		CAA439D518193B7400CE8EB5 /* en */ = {isa = PBXFileReference; lastKnownFileType = file.xib; name = en; path = en.lproj/TorrentView.xib; sourceTree = "<group>"; };
		CAA439D718193B7700CE8EB5 /* zh-Hans */ = {isa = PBXFileReference; lastKnownFileType = file.xib; name = "zh-Hans"; path = "zh-Hans.lproj/TorrentView.xib"; sourceTree = "<group>"; };
		CAAD78B4181154B1008168C2 /* TaskEntity.h */ = {isa = PBXFileReference; fileEncoding = 4; lastKnownFileType = sourcecode.c.h; path = TaskEntity.h; sourceTree = "<group>"; };
		CAAD78B5181154B1008168C2 /* TaskEntity.m */ = {isa = PBXFileReference; fileEncoding = 4; lastKnownFileType = sourcecode.c.objc; path = TaskEntity.m; sourceTree = "<group>"; };
		CAAD78B718116B1E008168C2 /* TableCellView.h */ = {isa = PBXFileReference; fileEncoding = 4; lastKnownFileType = sourcecode.c.h; path = TableCellView.h; sourceTree = "<group>"; };
		CAAD78B818116B1E008168C2 /* TableCellView.m */ = {isa = PBXFileReference; fileEncoding = 4; lastKnownFileType = sourcecode.c.objc; path = TableCellView.m; sourceTree = "<group>"; };
		CAAD78E61811888F008168C2 /* taskitem_bt.png */ = {isa = PBXFileReference; lastKnownFileType = image.png; path = taskitem_bt.png; sourceTree = "<group>"; };
		CAAD78E71811888F008168C2 /* taskitem_bt@2x.png */ = {isa = PBXFileReference; lastKnownFileType = image.png; path = "taskitem_bt@2x.png"; sourceTree = "<group>"; };
		CAAD78EA181197E2008168C2 /* aria2c */ = {isa = PBXFileReference; lastKnownFileType = "compiled.mach-o.executable"; name = aria2c; path = fakeThunder/aria2c; sourceTree = "<group>"; };
		CABA670C1847078F004C3DE2 /* TextView.h */ = {isa = PBXFileReference; fileEncoding = 4; lastKnownFileType = sourcecode.c.h; path = TextView.h; sourceTree = "<group>"; };
		CABA670D1847078F004C3DE2 /* TextView.m */ = {isa = PBXFileReference; fileEncoding = 4; lastKnownFileType = sourcecode.c.objc; path = TextView.m; sourceTree = "<group>"; };
		CAD00E8518180323006850A3 /* dynamiclyrics2_dsa_pub_new.pem */ = {isa = PBXFileReference; fileEncoding = 4; lastKnownFileType = text; path = dynamiclyrics2_dsa_pub_new.pem; sourceTree = "<group>"; };
		CAD00E901818125B006850A3 /* SFBCrashReporter.xcodeproj */ = {isa = PBXFileReference; lastKnownFileType = "wrapper.pb-project"; name = SFBCrashReporter.xcodeproj; path = SFBCrashReporter/SFBCrashReporter.xcodeproj; sourceTree = "<group>"; };
/* End PBXFileReference section */

/* Begin PBXFrameworksBuildPhase section */
		024C874015DBA755003EF1F3 /* Frameworks */ = {
			isa = PBXFrameworksBuildPhase;
			buildActionMask = 2147483647;
			files = (
				CAA439BB1818351400CE8EB5 /* TondarAPI.framework in Frameworks */,
				CA6B5A7B1812657600B14CD2 /* Security.framework in Frameworks */,
				024C874815DBA755003EF1F3 /* Cocoa.framework in Frameworks */,
				CAD00EA818182B37006850A3 /* SFBCrashReporter.framework in Frameworks */,
				CA1892C31815359600EA4352 /* Sparkle.framework in Frameworks */,
			);
			runOnlyForDeploymentPostprocessing = 0;
		};
/* End PBXFrameworksBuildPhase section */

/* Begin PBXGroup section */
		020E1F3115DC046600FF99ED /* Utility */ = {
			isa = PBXGroup;
			children = (
				CA6B5A7F181265A700B14CD2 /* SSKeychain.h */,
				CA6B5A80181265A700B14CD2 /* SSKeychain.m */,
				020E1F2E15DC046300FF99ED /* NSArray_Extensions.h */,
				020E1F2F15DC046300FF99ED /* NSArray_Extensions.m */,
			);
			name = Utility;
			sourceTree = "<group>";
		};
		024C873815DBA755003EF1F3 = {
			isa = PBXGroup;
			children = (
				CAAD78EA181197E2008168C2 /* aria2c */,
				024C874D15DBA755003EF1F3 /* fakeThunder */,
				024C874615DBA755003EF1F3 /* Frameworks */,
				024C874415DBA755003EF1F3 /* Products */,
				CAD00E901818125B006850A3 /* SFBCrashReporter.xcodeproj */,
				CAA439AD181834F300CE8EB5 /* TondarAPI.xcodeproj */,
			);
			sourceTree = "<group>";
		};
		024C874415DBA755003EF1F3 /* Products */ = {
			isa = PBXGroup;
			children = (
				024C874315DBA755003EF1F3 /* fakeThunder.app */,
			);
			name = Products;
			sourceTree = "<group>";
		};
		024C874615DBA755003EF1F3 /* Frameworks */ = {
			isa = PBXGroup;
			children = (
				CA1892C21815359600EA4352 /* Sparkle.framework */,
				CA6B5A7A1812657600B14CD2 /* Security.framework */,
				024C874715DBA755003EF1F3 /* Cocoa.framework */,
				024C876515DBA756003EF1F3 /* SenTestingKit.framework */,
				024C874915DBA755003EF1F3 /* Other Frameworks */,
			);
			name = Frameworks;
			sourceTree = "<group>";
		};
		024C874915DBA755003EF1F3 /* Other Frameworks */ = {
			isa = PBXGroup;
			children = (
				024C874A15DBA755003EF1F3 /* AppKit.framework */,
				024C874B15DBA755003EF1F3 /* CoreData.framework */,
				024C874C15DBA755003EF1F3 /* Foundation.framework */,
			);
			name = "Other Frameworks";
			sourceTree = "<group>";
		};
		024C874D15DBA755003EF1F3 /* fakeThunder */ = {
			isa = PBXGroup;
			children = (
				CAAD78B318115494008168C2 /* Model */,
				020E1F3115DC046600FF99ED /* Utility */,
				0295F2B915DBAEA000529BA5 /* View */,
				024C875915DBA755003EF1F3 /* AppDelegate.h */,
				024C875A15DBA755003EF1F3 /* AppDelegate.m */,
				024C874E15DBA755003EF1F3 /* Supporting Files */,
				024C877F15DBA787003EF1F3 /* Resources */,
			);
			path = fakeThunder;
			sourceTree = "<group>";
		};
		024C874E15DBA755003EF1F3 /* Supporting Files */ = {
			isa = PBXGroup;
			children = (
				024C874F15DBA755003EF1F3 /* fakeThunder-Info.plist */,
				024C875015DBA755003EF1F3 /* Localizable.strings */,
				024C875315DBA755003EF1F3 /* main.m */,
				024C875515DBA755003EF1F3 /* fakeThunder-Prefix.pch */,
				024C875615DBA755003EF1F3 /* Credits.rtf */,
				CA1892B41815102B00EA4352 /* Constants.h */,
			);
			name = "Supporting Files";
			sourceTree = "<group>";
		};
		024C877F15DBA787003EF1F3 /* Resources */ = {
			isa = PBXGroup;
			children = (
				CA424CD1183132930071AB0F /* images */,
				CAD00E8518180323006850A3 /* dynamiclyrics2_dsa_pub_new.pem */,
				CA1892D7181641B200EA4352 /* General.png */,
				CA1892D8181641B200EA4352 /* General@2x.png */,
				CA1892D318163FA100EA4352 /* Bandwidth.png */,
				CA1892D418163FA100EA4352 /* Bandwidth@2x.png */,
				CA6B5A85181395BC00B14CD2 /* drag_icon@2x.png */,
				CA6B5A86181395BC00B14CD2 /* drag_icon.png */,
				0295F2AB15DBADB400529BA5 /* SmallIcon */,
				024C878315DBA7A6003EF1F3 /* fakeThunder.icns */,
			);
			name = Resources;
			sourceTree = "<group>";
		};
		0295F2AB15DBADB400529BA5 /* SmallIcon */ = {
			isa = PBXGroup;
			children = (
				CAAD78E61811888F008168C2 /* taskitem_bt.png */,
				CAAD78E71811888F008168C2 /* taskitem_bt@2x.png */,
			);
			name = SmallIcon;
			sourceTree = "<group>";
		};
		0295F2B915DBAEA000529BA5 /* View */ = {
			isa = PBXGroup;
			children = (
				CA1892C718163D8B00EA4352 /* PrefsWindow */,
				CAAD78AF18114054008168C2 /* Resource */,
				0295F2CE15DBB56400529BA5 /* MainView.h */,
				0295F2CF15DBB56400529BA5 /* MainView.m */,
				0295F2D315DBB6AD00529BA5 /* TasksView.h */,
				0295F2D415DBB6AD00529BA5 /* TasksView.m */,
				CAAD78B718116B1E008168C2 /* TableCellView.h */,
				CAAD78B818116B1E008168C2 /* TableCellView.m */,
				CA6B5A821812BEC400B14CD2 /* DownloadOperation.h */,
				CA6B5A831812BEC400B14CD2 /* DownloadOperation.m */,
				CA1892A61814EE1800EA4352 /* DropZoneView.h */,
				CA1892A71814EE1800EA4352 /* DropZoneView.m */,
				CA1892AD1814F5AE00EA4352 /* TorrentView.h */,
				CA1892AE1814F5AE00EA4352 /* TorrentView.m */,
				CABA670C1847078F004C3DE2 /* TextView.h */,
				CABA670D1847078F004C3DE2 /* TextView.m */,
			);
			name = View;
			sourceTree = "<group>";
		};
		CA1892C718163D8B00EA4352 /* PrefsWindow */ = {
			isa = PBXGroup;
			children = (
				CA1892CB18163DAC00EA4352 /* DBPrefsWindowController.h */,
				CA1892CC18163DAC00EA4352 /* DBPrefsWindowController.m */,
				CA1892CE18163DE000EA4352 /* AppPrefsWindowsController.h */,
				CA1892CF18163DE000EA4352 /* AppPrefsWindowsController.m */,
				CAA439C918193AEC00CE8EB5 /* Preferences.xib */,
			);
			name = PrefsWindow;
			sourceTree = "<group>";
		};
		CA424CD1183132930071AB0F /* images */ = {
			isa = PBXGroup;
			children = (
				CA424CD2183132990071AB0F /* addTemplate.png */,
				CA424CD3183132990071AB0F /* addTemplate@2x.png */,
				CA424CD4183132990071AB0F /* startTemplate.png */,
				CA424CD5183132990071AB0F /* startTemplate@2x.png */,
				CA424CD6183132990071AB0F /* stopTemplate.png */,
			);
			name = images;
			sourceTree = "<group>";
		};
		CAA439AE181834F300CE8EB5 /* Products */ = {
			isa = PBXGroup;
			children = (
				CAA439B4181834F300CE8EB5 /* TondarAPI.framework */,
				CAA439B6181834F300CE8EB5 /* TondarAPITests.octest */,
				CAA439B8181834F300CE8EB5 /* URLTesting.octest */,
			);
			name = Products;
			sourceTree = "<group>";
		};
		CAAD78AF18114054008168C2 /* Resource */ = {
			isa = PBXGroup;
			children = (
				024C875C15DBA756003EF1F3 /* MainMenu.xib */,
				CAA439CE18193B5F00CE8EB5 /* MainView.xib */,
				CAA439D218193B6C00CE8EB5 /* TasksView.xib */,
				CAA439D618193B7400CE8EB5 /* TorrentView.xib */,
			);
			name = Resource;
			sourceTree = "<group>";
		};
		CAAD78B318115494008168C2 /* Model */ = {
			isa = PBXGroup;
			children = (
				CAAD78B4181154B1008168C2 /* TaskEntity.h */,
				CAAD78B5181154B1008168C2 /* TaskEntity.m */,
			);
			name = Model;
			sourceTree = "<group>";
		};
		CAD00E911818125B006850A3 /* Products */ = {
			isa = PBXGroup;
			children = (
				CAD00E951818125B006850A3 /* SFBCrashReporter.framework */,
			);
			name = Products;
			sourceTree = "<group>";
		};
/* End PBXGroup section */

/* Begin PBXNativeTarget section */
		024C874215DBA755003EF1F3 /* fakeThunder */ = {
			isa = PBXNativeTarget;
			buildConfigurationList = 024C877515DBA756003EF1F3 /* Build configuration list for PBXNativeTarget "fakeThunder" */;
			buildPhases = (
				024C873F15DBA755003EF1F3 /* Sources */,
				024C874015DBA755003EF1F3 /* Frameworks */,
				024C874115DBA755003EF1F3 /* Resources */,
				CA1892C4181535C000EA4352 /* CopyFiles */,
			);
			buildRules = (
			);
			dependencies = (
				CAA439BA1818350E00CE8EB5 /* PBXTargetDependency */,
				CAD00EAA18182B3A006850A3 /* PBXTargetDependency */,
			);
			name = fakeThunder;
			productName = fakeThunder;
			productReference = 024C874315DBA755003EF1F3 /* fakeThunder.app */;
			productType = "com.apple.product-type.application";
		};
/* End PBXNativeTarget section */

/* Begin PBXProject section */
		024C873A15DBA755003EF1F3 /* Project object */ = {
			isa = PBXProject;
			attributes = {
				LastUpgradeCheck = 0500;
				ORGANIZATIONNAME = MartianZ;
			};
			buildConfigurationList = 024C873D15DBA755003EF1F3 /* Build configuration list for PBXProject "fakeThunder" */;
			compatibilityVersion = "Xcode 3.2";
			developmentRegion = English;
			hasScannedForEncodings = 0;
			knownRegions = (
				en,
				"zh-Hans",
			);
			mainGroup = 024C873815DBA755003EF1F3;
			productRefGroup = 024C874415DBA755003EF1F3 /* Products */;
			projectDirPath = "";
			projectReferences = (
				{
					ProductGroup = CAD00E911818125B006850A3 /* Products */;
					ProjectRef = CAD00E901818125B006850A3 /* SFBCrashReporter.xcodeproj */;
				},
				{
					ProductGroup = CAA439AE181834F300CE8EB5 /* Products */;
					ProjectRef = CAA439AD181834F300CE8EB5 /* TondarAPI.xcodeproj */;
				},
			);
			projectRoot = "";
			targets = (
				024C874215DBA755003EF1F3 /* fakeThunder */,
			);
		};
/* End PBXProject section */

/* Begin PBXReferenceProxy section */
		CAA439B4181834F300CE8EB5 /* TondarAPI.framework */ = {
			isa = PBXReferenceProxy;
			fileType = wrapper.framework;
			path = TondarAPI.framework;
			remoteRef = CAA439B3181834F300CE8EB5 /* PBXContainerItemProxy */;
			sourceTree = BUILT_PRODUCTS_DIR;
		};
		CAA439B6181834F300CE8EB5 /* TondarAPITests.octest */ = {
			isa = PBXReferenceProxy;
			fileType = wrapper.cfbundle;
			path = TondarAPITests.octest;
			remoteRef = CAA439B5181834F300CE8EB5 /* PBXContainerItemProxy */;
			sourceTree = BUILT_PRODUCTS_DIR;
		};
		CAA439B8181834F300CE8EB5 /* URLTesting.octest */ = {
			isa = PBXReferenceProxy;
			fileType = wrapper.cfbundle;
			path = URLTesting.octest;
			remoteRef = CAA439B7181834F300CE8EB5 /* PBXContainerItemProxy */;
			sourceTree = BUILT_PRODUCTS_DIR;
		};
		CAD00E951818125B006850A3 /* SFBCrashReporter.framework */ = {
			isa = PBXReferenceProxy;
			fileType = wrapper.framework;
			path = SFBCrashReporter.framework;
			remoteRef = CAD00E941818125B006850A3 /* PBXContainerItemProxy */;
			sourceTree = BUILT_PRODUCTS_DIR;
		};
/* End PBXReferenceProxy section */

/* Begin PBXResourcesBuildPhase section */
		024C874115DBA755003EF1F3 /* Resources */ = {
			isa = PBXResourcesBuildPhase;
			buildActionMask = 2147483647;
			files = (
				024C875215DBA755003EF1F3 /* Localizable.strings in Resources */,
				024C875815DBA755003EF1F3 /* Credits.rtf in Resources */,
				024C875E15DBA756003EF1F3 /* MainMenu.xib in Resources */,
				CA424CDA183132990071AB0F /* startTemplate@2x.png in Resources */,
				024C878415DBA7A6003EF1F3 /* fakeThunder.icns in Resources */,
				CA424CD7183132990071AB0F /* addTemplate.png in Resources */,
				CAD00E8618180323006850A3 /* dynamiclyrics2_dsa_pub_new.pem in Resources */,
				CAA439CC18193B5F00CE8EB5 /* MainView.xib in Resources */,
				CAA439D018193B6C00CE8EB5 /* TasksView.xib in Resources */,
				CA424CD8183132990071AB0F /* addTemplate@2x.png in Resources */,
				CAAD78E81811888F008168C2 /* taskitem_bt.png in Resources */,
				CAAD78E91811888F008168C2 /* taskitem_bt@2x.png in Resources */,
				CAAD78EB181197E3008168C2 /* aria2c in Resources */,
				CA6B5A87181395BC00B14CD2 /* drag_icon@2x.png in Resources */,
				CA6B5A88181395BC00B14CD2 /* drag_icon.png in Resources */,
				CAA439D418193B7400CE8EB5 /* TorrentView.xib in Resources */,
				CAA439C718193AEC00CE8EB5 /* Preferences.xib in Resources */,
				CA1892D518163FA100EA4352 /* Bandwidth.png in Resources */,
				CA1892D618163FA100EA4352 /* Bandwidth@2x.png in Resources */,
				CA424CD9183132990071AB0F /* startTemplate.png in Resources */,
				CA1892D9181641B200EA4352 /* General.png in Resources */,
				CA424CDB183132990071AB0F /* stopTemplate.png in Resources */,
				CA1892DA181641B200EA4352 /* General@2x.png in Resources */,
			);
			runOnlyForDeploymentPostprocessing = 0;
		};
/* End PBXResourcesBuildPhase section */

/* Begin PBXSourcesBuildPhase section */
		024C873F15DBA755003EF1F3 /* Sources */ = {
			isa = PBXSourcesBuildPhase;
			buildActionMask = 2147483647;
			files = (
				024C875415DBA755003EF1F3 /* main.m in Sources */,
				024C875B15DBA755003EF1F3 /* AppDelegate.m in Sources */,
				0295F2D115DBB56400529BA5 /* MainView.m in Sources */,
				CA6B5A81181265C900B14CD2 /* SSKeychain.m in Sources */,
				0295F2D615DBB6AD00529BA5 /* TasksView.m in Sources */,
				020E1F3015DC046300FF99ED /* NSArray_Extensions.m in Sources */,
				CAAD78B6181154B1008168C2 /* TaskEntity.m in Sources */,
				CA1892AC1814F14F00EA4352 /* DropZoneView.m in Sources */,
				CAAD78B918116B1E008168C2 /* TableCellView.m in Sources */,
				CABA670E1847078F004C3DE2 /* TextView.m in Sources */,
				CA6B5A841812BEC500B14CD2 /* DownloadOperation.m in Sources */,
				CA1892B01814F5AE00EA4352 /* TorrentView.m in Sources */,
				CA1892CD18163DAC00EA4352 /* DBPrefsWindowController.m in Sources */,
				CA1892D118163DE000EA4352 /* AppPrefsWindowsController.m in Sources */,
			);
			runOnlyForDeploymentPostprocessing = 0;
		};
/* End PBXSourcesBuildPhase section */

/* Begin PBXTargetDependency section */
		CAA439BA1818350E00CE8EB5 /* PBXTargetDependency */ = {
			isa = PBXTargetDependency;
			name = TondarAPI;
			targetProxy = CAA439B91818350E00CE8EB5 /* PBXContainerItemProxy */;
		};
		CAD00EAA18182B3A006850A3 /* PBXTargetDependency */ = {
			isa = PBXTargetDependency;
			name = SFBCrashReporter;
			targetProxy = CAD00EA918182B3A006850A3 /* PBXContainerItemProxy */;
		};
/* End PBXTargetDependency section */

/* Begin PBXVariantGroup section */
		024C875015DBA755003EF1F3 /* Localizable.strings */ = {
			isa = PBXVariantGroup;
			children = (
				024C875115DBA755003EF1F3 /* en */,
				CA91FB0918193D93008B19F1 /* zh-Hans */,
			);
			name = Localizable.strings;
			sourceTree = "<group>";
		};
		024C875615DBA755003EF1F3 /* Credits.rtf */ = {
			isa = PBXVariantGroup;
			children = (
				024C875715DBA755003EF1F3 /* en */,
			);
			name = Credits.rtf;
			sourceTree = "<group>";
		};
		024C875C15DBA756003EF1F3 /* MainMenu.xib */ = {
			isa = PBXVariantGroup;
			children = (
				024C875D15DBA756003EF1F3 /* en */,
				CAA439CB18193B5200CE8EB5 /* zh-Hans */,
			);
			name = MainMenu.xib;
			sourceTree = "<group>";
		};
		CAA439C918193AEC00CE8EB5 /* Preferences.xib */ = {
			isa = PBXVariantGroup;
			children = (
				CAA439C818193AEC00CE8EB5 /* en */,
				CAA439CA18193B5200CE8EB5 /* zh-Hans */,
			);
			name = Preferences.xib;
			sourceTree = "<group>";
		};
		CAA439CE18193B5F00CE8EB5 /* MainView.xib */ = {
			isa = PBXVariantGroup;
			children = (
				CAA439CD18193B5F00CE8EB5 /* en */,
				CAA439CF18193B6100CE8EB5 /* zh-Hans */,
			);
			name = MainView.xib;
			sourceTree = "<group>";
		};
		CAA439D218193B6C00CE8EB5 /* TasksView.xib */ = {
			isa = PBXVariantGroup;
			children = (
				CAA439D118193B6C00CE8EB5 /* en */,
			);
			name = TasksView.xib;
			sourceTree = "<group>";
		};
		CAA439D618193B7400CE8EB5 /* TorrentView.xib */ = {
			isa = PBXVariantGroup;
			children = (
				CAA439D518193B7400CE8EB5 /* en */,
				CAA439D718193B7700CE8EB5 /* zh-Hans */,
			);
			name = TorrentView.xib;
			sourceTree = "<group>";
		};
/* End PBXVariantGroup section */

/* Begin XCBuildConfiguration section */
		024C877315DBA756003EF1F3 /* Debug */ = {
			isa = XCBuildConfiguration;
			buildSettings = {
				ALWAYS_SEARCH_USER_PATHS = NO;
				CLANG_CXX_LANGUAGE_STANDARD = "gnu++0x";
				CLANG_ENABLE_OBJC_ARC = YES;
				CLANG_WARN__DUPLICATE_METHOD_MATCH = YES;
				CODE_SIGN_IDENTITY = "Developer ID Application: Zhu Zheng (R5RMP6G3GQ)";
				COPY_PHASE_STRIP = NO;
				GCC_C_LANGUAGE_STANDARD = gnu99;
				GCC_DYNAMIC_NO_PIC = NO;
				GCC_ENABLE_OBJC_EXCEPTIONS = YES;
				GCC_OPTIMIZATION_LEVEL = 0;
				GCC_PREPROCESSOR_DEFINITIONS = (
					"DEBUG=1",
					"$(inherited)",
				);
				GCC_SYMBOLS_PRIVATE_EXTERN = NO;
				GCC_WARN_64_TO_32_BIT_CONVERSION = YES;
				GCC_WARN_ABOUT_RETURN_TYPE = YES;
				GCC_WARN_UNINITIALIZED_AUTOS = YES;
				GCC_WARN_UNUSED_VARIABLE = YES;
				MACOSX_DEPLOYMENT_TARGET = 10.8;
				ONLY_ACTIVE_ARCH = YES;
				OTHER_CODE_SIGN_FLAGS = "--deep";
				SDKROOT = macosx;
			};
			name = Debug;
		};
		024C877415DBA756003EF1F3 /* Release */ = {
			isa = XCBuildConfiguration;
			buildSettings = {
				ALWAYS_SEARCH_USER_PATHS = NO;
				CLANG_CXX_LANGUAGE_STANDARD = "gnu++0x";
				CLANG_ENABLE_OBJC_ARC = YES;
				CLANG_WARN__DUPLICATE_METHOD_MATCH = YES;
				CODE_SIGN_IDENTITY = "Developer ID Application: Zhu Zheng (R5RMP6G3GQ)";
				COPY_PHASE_STRIP = YES;
				DEBUG_INFORMATION_FORMAT = "dwarf-with-dsym";
				GCC_C_LANGUAGE_STANDARD = gnu99;
				GCC_ENABLE_OBJC_EXCEPTIONS = YES;
				GCC_WARN_64_TO_32_BIT_CONVERSION = YES;
				GCC_WARN_ABOUT_RETURN_TYPE = YES;
				GCC_WARN_UNINITIALIZED_AUTOS = YES;
				GCC_WARN_UNUSED_VARIABLE = YES;
				MACOSX_DEPLOYMENT_TARGET = 10.8;
				OTHER_CODE_SIGN_FLAGS = "--deep";
				SDKROOT = macosx;
			};
			name = Release;
		};
		024C877615DBA756003EF1F3 /* Debug */ = {
			isa = XCBuildConfiguration;
			buildSettings = {
				CLANG_ENABLE_OBJC_ARC = NO;
				CODE_SIGN_IDENTITY = "Developer ID Application: Zhu Zheng (R5RMP6G3GQ)";
				COMBINE_HIDPI_IMAGES = YES;
				FRAMEWORK_SEARCH_PATHS = (
					"$(inherited)",
					"\"$(SRCROOT)\"",
				);
				GCC_PRECOMPILE_PREFIX_HEADER = YES;
				GCC_PREFIX_HEADER = "fakeThunder/fakeThunder-Prefix.pch";
				INFOPLIST_FILE = "fakeThunder/fakeThunder-Info.plist";
				OTHER_CODE_SIGN_FLAGS = "";
				PRODUCT_NAME = "$(TARGET_NAME)";
				PROVISIONING_PROFILE = "";
				SDKROOT = macosx;
				WRAPPER_EXTENSION = app;
			};
			name = Debug;
		};
		024C877715DBA756003EF1F3 /* Release */ = {
			isa = XCBuildConfiguration;
			buildSettings = {
				CLANG_ENABLE_OBJC_ARC = NO;
				CODE_SIGN_IDENTITY = "Developer ID Application: Zhu Zheng (R5RMP6G3GQ)";
				COMBINE_HIDPI_IMAGES = YES;
				FRAMEWORK_SEARCH_PATHS = (
					"$(inherited)",
					"\"$(SRCROOT)\"",
				);
				GCC_PRECOMPILE_PREFIX_HEADER = YES;
				GCC_PREFIX_HEADER = "fakeThunder/fakeThunder-Prefix.pch";
				INFOPLIST_FILE = "fakeThunder/fakeThunder-Info.plist";
				OTHER_CODE_SIGN_FLAGS = "";
				PRODUCT_NAME = "$(TARGET_NAME)";
				PROVISIONING_PROFILE = "";
				SDKROOT = macosx;
				WRAPPER_EXTENSION = app;
			};
			name = Release;
		};
/* End XCBuildConfiguration section */

/* Begin XCConfigurationList section */
		024C873D15DBA755003EF1F3 /* Build configuration list for PBXProject "fakeThunder" */ = {
			isa = XCConfigurationList;
			buildConfigurations = (
				024C877315DBA756003EF1F3 /* Debug */,
				024C877415DBA756003EF1F3 /* Release */,
			);
			defaultConfigurationIsVisible = 0;
			defaultConfigurationName = Release;
		};
		024C877515DBA756003EF1F3 /* Build configuration list for PBXNativeTarget "fakeThunder" */ = {
			isa = XCConfigurationList;
			buildConfigurations = (
				024C877615DBA756003EF1F3 /* Debug */,
				024C877715DBA756003EF1F3 /* Release */,
			);
			defaultConfigurationIsVisible = 0;
			defaultConfigurationName = Release;
		};
/* End XCConfigurationList section */
	};
	rootObject = 024C873A15DBA755003EF1F3 /* Project object */;
}
